// !$*UTF8*$!
{
	archiveVersion = 1;
	classes = {
	};
	objectVersion = 51;
	objects = {

/* Begin PBXBuildFile section */
		012CB5B3A2F791D6084F599C /* NewsConfigurator.swift in Sources */ = {isa = PBXBuildFile; fileRef = 0F442151A650C2D5F02A9789 /* NewsConfigurator.swift */; };
		056D1672E41DA8E1D3F8BFEC /* EducationModuleInput.swift in Sources */ = {isa = PBXBuildFile; fileRef = 52560C1286FC687C1D5289AF /* EducationModuleInput.swift */; };
		08035B7367042B28CF773C2F /* CountryListRouter.swift in Sources */ = {isa = PBXBuildFile; fileRef = 9D9BCB792327FBC601E4F8BB /* CountryListRouter.swift */; };
		0E141FC16E1D59D78376A905 /* NewsInteractor.swift in Sources */ = {isa = PBXBuildFile; fileRef = 510EEEAACD0DF9AF377F16D2 /* NewsInteractor.swift */; };
		0EE58AC14579E9EDF055E55E /* CountryDetailInteractorInput.swift in Sources */ = {isa = PBXBuildFile; fileRef = 05F7CC75D8885BDCE7BFE53D /* CountryDetailInteractorInput.swift */; };
		14A29933EB75EB7A21262977 /* NewsViewController.swift in Sources */ = {isa = PBXBuildFile; fileRef = ABE2A436278FE2AE06CC8667 /* NewsViewController.swift */; };
		16886C1366C96200726E756D /* NewsViewOutput.swift in Sources */ = {isa = PBXBuildFile; fileRef = 0C5A1C5C4116DA9E7F466AC0 /* NewsViewOutput.swift */; };
		367A76942AB36CC77FA8BFB8 /* CountryDetailViewOutput.swift in Sources */ = {isa = PBXBuildFile; fileRef = 2504FD0D609A79E007A41958 /* CountryDetailViewOutput.swift */; };
		4155857672F4231250611E7B /* CountryListViewController.swift in Sources */ = {isa = PBXBuildFile; fileRef = 92924876E4E75354AC645502 /* CountryListViewController.swift */; };
		430FABFA9CE885D3320B3F65 /* EducationRouterInput.swift in Sources */ = {isa = PBXBuildFile; fileRef = 6E59F9EFDF0239376F94923C /* EducationRouterInput.swift */; };
		432886F27A3669521D9DDE3F /* CountryListInteractorOutput.swift in Sources */ = {isa = PBXBuildFile; fileRef = B6AFB45A3FBD25ED4582C8B8 /* CountryListInteractorOutput.swift */; };
		4739F61EA30E27F21E6B21B9 /* CountryDetailPresenter.swift in Sources */ = {isa = PBXBuildFile; fileRef = EDE538361A076B1673BAB273 /* CountryDetailPresenter.swift */; };
		47927BBE950CE7D71D2DA754 /* CountryDetailViewInput.swift in Sources */ = {isa = PBXBuildFile; fileRef = 97882A3436119DEE22AA51E7 /* CountryDetailViewInput.swift */; };
		496549E65E7B46A64B905FE7 /* NewsPresenter.swift in Sources */ = {isa = PBXBuildFile; fileRef = 400B2D83E2596AF4E8FDB089 /* NewsPresenter.swift */; };
		514F2F8BC9982C6FCD0121A1 /* InitialViewOutput.swift in Sources */ = {isa = PBXBuildFile; fileRef = 81CFE66D241F674DCE43FDC2 /* InitialViewOutput.swift */; };
		572737333E3E4BAAEA979C00 /* Pods_COVStats.framework in Frameworks */ = {isa = PBXBuildFile; fileRef = 9D2A6164830B54906DFC83E9 /* Pods_COVStats.framework */; };
		5942EFE46BA20C241BB80038 /* EducationInteractorOutput.swift in Sources */ = {isa = PBXBuildFile; fileRef = 835D836CB4802312E8C4E34A /* EducationInteractorOutput.swift */; };
		5C94FC88C32CF5DC70E107F7 /* InitialViewInput.swift in Sources */ = {isa = PBXBuildFile; fileRef = A668E44C5CE6921F7CED73FC /* InitialViewInput.swift */; };
		60228DA65932FA1D5FB63E5F /* CountryDetailInteractorOutput.swift in Sources */ = {isa = PBXBuildFile; fileRef = 89EEB026D199094EDF69C199 /* CountryDetailInteractorOutput.swift */; };
		6697622EF7BD5A9A03D9C01F /* InitialInteractorOutput.swift in Sources */ = {isa = PBXBuildFile; fileRef = 66790BCDED80A279D57A5136 /* InitialInteractorOutput.swift */; };
		6C05557EA5E487F254854DE4 /* CountryListViewOutput.swift in Sources */ = {isa = PBXBuildFile; fileRef = AE79C5712B88CC676927F158 /* CountryListViewOutput.swift */; };
		6F836CEB77F47D722F8D741B /* InitialRouter.swift in Sources */ = {isa = PBXBuildFile; fileRef = 8A374EAB9680F1ED620AC8D5 /* InitialRouter.swift */; };
		72E7B888FDBA2454354D92D0 /* InitialConfigurator.swift in Sources */ = {isa = PBXBuildFile; fileRef = 3DA05410FD2F85EDD20B0572 /* InitialConfigurator.swift */; };
		773A1A9AA9189E8226B72E87 /* CountryDetailModuleInput.swift in Sources */ = {isa = PBXBuildFile; fileRef = 53AF654E4524889E49529801 /* CountryDetailModuleInput.swift */; };
		780CACC52524BF2B00B77AC1 /* CountryDetailConfiguratorProtocol.swift in Sources */ = {isa = PBXBuildFile; fileRef = 780CACC42524BF2B00B77AC1 /* CountryDetailConfiguratorProtocol.swift */; };
		780CACCF25253CE900B77AC1 /* CountryDetailHeaderView.swift in Sources */ = {isa = PBXBuildFile; fileRef = 780CACCE25253CE900B77AC1 /* CountryDetailHeaderView.swift */; };
		780CACD325253D4400B77AC1 /* CountryDetailHeaderViewPreview.swift in Sources */ = {isa = PBXBuildFile; fileRef = 780CACD225253D4400B77AC1 /* CountryDetailHeaderViewPreview.swift */; };
		780CACD825254CDB00B77AC1 /* CountryDetailGraphView.swift in Sources */ = {isa = PBXBuildFile; fileRef = 780CACD725254CDB00B77AC1 /* CountryDetailGraphView.swift */; };
		780CACDC25254D2400B77AC1 /* CountryDetailGraphViewPreview.swift in Sources */ = {isa = PBXBuildFile; fileRef = 780CACDB25254D2400B77AC1 /* CountryDetailGraphViewPreview.swift */; };
		781019CC2523EB3C00462CFC /* Int+Formatter.swift in Sources */ = {isa = PBXBuildFile; fileRef = 781019CB2523EB3C00462CFC /* Int+Formatter.swift */; };
		7819C8D82534A16A002C7AAC /* EducationSegmentPreventionView.swift in Sources */ = {isa = PBXBuildFile; fileRef = 7819C8D72534A16A002C7AAC /* EducationSegmentPreventionView.swift */; };
		7819C8DC2534A175002C7AAC /* EducationSegmentPreventionViewPreview.swift in Sources */ = {isa = PBXBuildFile; fileRef = 7819C8DB2534A175002C7AAC /* EducationSegmentPreventionViewPreview.swift */; };
		7819C8E22536591B002C7AAC /* EducationSegmentSymptomsView.swift in Sources */ = {isa = PBXBuildFile; fileRef = 7819C8E12536591B002C7AAC /* EducationSegmentSymptomsView.swift */; };
		7819C8E52536592E002C7AAC /* EducationSegmentSymptomsViewPreview.swift in Sources */ = {isa = PBXBuildFile; fileRef = 7819C8E42536592E002C7AAC /* EducationSegmentSymptomsViewPreview.swift */; };
		7819C8EC25369A75002C7AAC /* EducationSegmentPreventionViewTab.swift in Sources */ = {isa = PBXBuildFile; fileRef = 7819C8EB25369A75002C7AAC /* EducationSegmentPreventionViewTab.swift */; };
		7819C8F025375249002C7AAC /* EducationSegmentPreventionViewTabViewModel.swift in Sources */ = {isa = PBXBuildFile; fileRef = 7819C8EF25375249002C7AAC /* EducationSegmentPreventionViewTabViewModel.swift */; };
		781CC7C8252E6359007E30A5 /* EducationConfiguratorProtocol.swift in Sources */ = {isa = PBXBuildFile; fileRef = 781CC7C7252E6359007E30A5 /* EducationConfiguratorProtocol.swift */; };
		781CC7CC252E66BF007E30A5 /* EducationHeaderView.swift in Sources */ = {isa = PBXBuildFile; fileRef = 781CC7CB252E66BF007E30A5 /* EducationHeaderView.swift */; };
		781CC7D0252E670D007E30A5 /* EducationHeaderViewPreview.swift in Sources */ = {isa = PBXBuildFile; fileRef = 781CC7CF252E670D007E30A5 /* EducationHeaderViewPreview.swift */; };
		78253DC2253911C400889F74 /* EducationSegmentSymptomsViewTab.swift in Sources */ = {isa = PBXBuildFile; fileRef = 78253DC1253911C400889F74 /* EducationSegmentSymptomsViewTab.swift */; };
		78253DC52539161C00889F74 /* EducationSegmentSymptomsViewTabViewModel.swift in Sources */ = {isa = PBXBuildFile; fileRef = 78253DC42539161C00889F74 /* EducationSegmentSymptomsViewTabViewModel.swift */; };
		78253DCC25392AF500889F74 /* EducationLegendTabStackView.swift in Sources */ = {isa = PBXBuildFile; fileRef = 78253DCB25392AF500889F74 /* EducationLegendTabStackView.swift */; };
		78253DD3253BA2EE00889F74 /* Charts+DaysCount.swift in Sources */ = {isa = PBXBuildFile; fileRef = 78253DD2253BA2EE00889F74 /* Charts+DaysCount.swift */; };
		78516E71251A5F6E00FBDBDE /* Trending.swift in Sources */ = {isa = PBXBuildFile; fileRef = 78516E70251A5F6E00FBDBDE /* Trending.swift */; };
		78516E7A251A935800FBDBDE /* UIVIewController+Preview.swift in Sources */ = {isa = PBXBuildFile; fileRef = 78516E79251A935800FBDBDE /* UIVIewController+Preview.swift */; };
		786DA4FD252FC93F002B688F /* InitialConfiguratorProtocol.swift in Sources */ = {isa = PBXBuildFile; fileRef = 786DA4FC252FC93F002B688F /* InitialConfiguratorProtocol.swift */; };
		786DA504252FCEF8002B688F /* InitialPageContentViewController.swift in Sources */ = {isa = PBXBuildFile; fileRef = 786DA503252FCEF8002B688F /* InitialPageContentViewController.swift */; };
		786DA508252FDC50002B688F /* InitialPageContentViewModel.swift in Sources */ = {isa = PBXBuildFile; fileRef = 786DA507252FDC50002B688F /* InitialPageContentViewModel.swift */; };
		78B1335C252B6034008E2883 /* CountryDetailGraphViewModel.swift in Sources */ = {isa = PBXBuildFile; fileRef = 78B1335B252B6034008E2883 /* CountryDetailGraphViewModel.swift */; };
		78B1335F252B630D008E2883 /* CountryHistorical.swift in Sources */ = {isa = PBXBuildFile; fileRef = 78B1335E252B630D008E2883 /* CountryHistorical.swift */; };
		78B13372252CBC0F008E2883 /* NewsConfiguratorProtocol.swift in Sources */ = {isa = PBXBuildFile; fileRef = 78B13371252CBC0F008E2883 /* NewsConfiguratorProtocol.swift */; };
		78B13376252CC3A6008E2883 /* NewsTableViewCell.swift in Sources */ = {isa = PBXBuildFile; fileRef = 78B13375252CC3A6008E2883 /* NewsTableViewCell.swift */; };
		78B13379252CC3D9008E2883 /* NewsTableViewCellPreview.swift in Sources */ = {isa = PBXBuildFile; fileRef = 78B13378252CC3D8008E2883 /* NewsTableViewCellPreview.swift */; };
		78B8BC132522765F00E8210F /* CountryListTableViewHeader.swift in Sources */ = {isa = PBXBuildFile; fileRef = 78B8BC122522765F00E8210F /* CountryListTableViewHeader.swift */; };
		78B8BC18252292A700E8210F /* СountrySummary.swift in Sources */ = {isa = PBXBuildFile; fileRef = 78B8BC17252292A700E8210F /* СountrySummary.swift */; };
		78B8BC1D2523621500E8210F /* CountryListTableViewCellViewModel.swift in Sources */ = {isa = PBXBuildFile; fileRef = 78B8BC1C2523621500E8210F /* CountryListTableViewCellViewModel.swift */; };
		78B8BC2D25237DE200E8210F /* CountryListTableViewCellPreview.swift in Sources */ = {isa = PBXBuildFile; fileRef = 78B8BC2C25237DE200E8210F /* CountryListTableViewCellPreview.swift */; };
		78B8BC312523ADAC00E8210F /* GlobalSummaryCollectionViewCellPreview.swift in Sources */ = {isa = PBXBuildFile; fileRef = 78B8BC302523ADAC00E8210F /* GlobalSummaryCollectionViewCellPreview.swift */; };
		78D1BA5D251B9F8B000A21C8 /* GlobalSummaryCollectionViewCellViewModel.swift in Sources */ = {isa = PBXBuildFile; fileRef = 78D1BA5C251B9F8B000A21C8 /* GlobalSummaryCollectionViewCellViewModel.swift */; };
		78D1BA61251BE56C000A21C8 /* GlobalSummaryHistorical.swift in Sources */ = {isa = PBXBuildFile; fileRef = 78D1BA60251BE56C000A21C8 /* GlobalSummaryHistorical.swift */; };
		78D1BA67251CCEAC000A21C8 /* GlobalSummaryCollectionViewCellType.swift in Sources */ = {isa = PBXBuildFile; fileRef = 78D1BA66251CCEAC000A21C8 /* GlobalSummaryCollectionViewCellType.swift */; };
		78D1BA6B251CCEC5000A21C8 /* GlobalSummaryGraphViewModel.swift in Sources */ = {isa = PBXBuildFile; fileRef = 78D1BA6A251CCEC5000A21C8 /* GlobalSummaryGraphViewModel.swift */; };
		78D1BA7F251D0BC8000A21C8 /* CountryListConfiguratorProtocol.swift in Sources */ = {isa = PBXBuildFile; fileRef = 78D1BA7E251D0BC8000A21C8 /* CountryListConfiguratorProtocol.swift */; };
		78D1BA89251D2EAE000A21C8 /* CountryListTableViewCell.swift in Sources */ = {isa = PBXBuildFile; fileRef = 78D1BA88251D2EAE000A21C8 /* CountryListTableViewCell.swift */; };
		78D3926F2537A2E2003A478C /* EducationSegments.swift in Sources */ = {isa = PBXBuildFile; fileRef = 78D3926E2537A2E2003A478C /* EducationSegments.swift */; };
		78D3927C2537BD25003A478C /* EducationSegmentsContainerView.swift in Sources */ = {isa = PBXBuildFile; fileRef = 78D3927B2537BD25003A478C /* EducationSegmentsContainerView.swift */; };
		78D392892537CC60003A478C /* EducationSegmentDiagnosisView.swift in Sources */ = {isa = PBXBuildFile; fileRef = 78D392882537CC60003A478C /* EducationSegmentDiagnosisView.swift */; };
		78F1691C252680FC00D77BFE /* AppCoordinator.swift in Sources */ = {isa = PBXBuildFile; fileRef = 78F1691B252680FC00D77BFE /* AppCoordinator.swift */; };
		78F169242526904B00D77BFE /* CountryDetailHeaderViewModel.swift in Sources */ = {isa = PBXBuildFile; fileRef = 78F169232526904B00D77BFE /* CountryDetailHeaderViewModel.swift */; };
		78F169282526909E00D77BFE /* UIImageView + URL.swift in Sources */ = {isa = PBXBuildFile; fileRef = 78F169272526909E00D77BFE /* UIImageView + URL.swift */; };
		78F1694D2527647300D77BFE /* GlobalSummaryRecoveryGraph.swift in Sources */ = {isa = PBXBuildFile; fileRef = 78F1694C2527647300D77BFE /* GlobalSummaryRecoveryGraph.swift */; };
		78F169512527648D00D77BFE /* GlobalSummaryRecoveryGraphPreview.swift in Sources */ = {isa = PBXBuildFile; fileRef = 78F169502527648D00D77BFE /* GlobalSummaryRecoveryGraphPreview.swift */; };
		78F169542527869C00D77BFE /* GlobalSummaryRecoveryGraphLegend.swift in Sources */ = {isa = PBXBuildFile; fileRef = 78F169532527869C00D77BFE /* GlobalSummaryRecoveryGraphLegend.swift */; };
		78F16957252786C700D77BFE /* GlobalSummaryRecoveryGraphLegendPreview.swift in Sources */ = {isa = PBXBuildFile; fileRef = 78F16956252786C700D77BFE /* GlobalSummaryRecoveryGraphLegendPreview.swift */; };
		78F1695A2527C84300D77BFE /* GlobalSummaryRecoveryGraphViewModel.swift in Sources */ = {isa = PBXBuildFile; fileRef = 78F169592527C84300D77BFE /* GlobalSummaryRecoveryGraphViewModel.swift */; };
		78F46FE62518D39E0008637C /* AppDelegate.swift in Sources */ = {isa = PBXBuildFile; fileRef = 78F46FE52518D39E0008637C /* AppDelegate.swift */; };
		78F46FE82518D39E0008637C /* SceneDelegate.swift in Sources */ = {isa = PBXBuildFile; fileRef = 78F46FE72518D39E0008637C /* SceneDelegate.swift */; };
		78F46FEF2518D39E0008637C /* Assets.xcassets in Resources */ = {isa = PBXBuildFile; fileRef = 78F46FEE2518D39E0008637C /* Assets.xcassets */; };
		78F46FF22518D39E0008637C /* LaunchScreen.storyboard in Resources */ = {isa = PBXBuildFile; fileRef = 78F46FF02518D39E0008637C /* LaunchScreen.storyboard */; };
		78F46FFB2518E0170008637C /* HomeViewController.swift in Sources */ = {isa = PBXBuildFile; fileRef = 78F46FFA2518E0170008637C /* HomeViewController.swift */; };
		78F46FFD2518E19E0008637C /* HomePresenter.swift in Sources */ = {isa = PBXBuildFile; fileRef = 78F46FFC2518E19E0008637C /* HomePresenter.swift */; };
		78F46FFF2518E55A0008637C /* HomeInteractor.swift in Sources */ = {isa = PBXBuildFile; fileRef = 78F46FFE2518E55A0008637C /* HomeInteractor.swift */; };
		78F470042518E5BC0008637C /* HomeViewInput.swift in Sources */ = {isa = PBXBuildFile; fileRef = 78F470032518E5BC0008637C /* HomeViewInput.swift */; };
		78F470062518E5D20008637C /* HomeViewOutput.swift in Sources */ = {isa = PBXBuildFile; fileRef = 78F470052518E5D20008637C /* HomeViewOutput.swift */; };
		78F470082518E6120008637C /* HomeInteractorInput.swift in Sources */ = {isa = PBXBuildFile; fileRef = 78F470072518E6120008637C /* HomeInteractorInput.swift */; };
		78F4700A2518E61C0008637C /* HomeInteractorOutput.swift in Sources */ = {isa = PBXBuildFile; fileRef = 78F470092518E61C0008637C /* HomeInteractorOutput.swift */; };
		78F4700C2518E7F00008637C /* HomeRouter.swift in Sources */ = {isa = PBXBuildFile; fileRef = 78F4700B2518E7F00008637C /* HomeRouter.swift */; };
		78F470102518E8090008637C /* HomeRouterInput.swift in Sources */ = {isa = PBXBuildFile; fileRef = 78F4700F2518E8090008637C /* HomeRouterInput.swift */; };
		78F470132518E8E70008637C /* HomeConfigurator.swift in Sources */ = {isa = PBXBuildFile; fileRef = 78F470122518E8E70008637C /* HomeConfigurator.swift */; };
		78F470152518E9F20008637C /* HomeConfiguratorProtocol.swift in Sources */ = {isa = PBXBuildFile; fileRef = 78F470142518E9F20008637C /* HomeConfiguratorProtocol.swift */; };
		78F470182519092D0008637C /* GlobalSummaryCovidCases.swift in Sources */ = {isa = PBXBuildFile; fileRef = 78F470172519092D0008637C /* GlobalSummaryCovidCases.swift */; };
		78F4701B25190DEE0008637C /* NetworkService.swift in Sources */ = {isa = PBXBuildFile; fileRef = 78F4701A25190DEE0008637C /* NetworkService.swift */; };
		78F4701D251943C10008637C /* StatisticsService.swift in Sources */ = {isa = PBXBuildFile; fileRef = 78F4701C251943C10008637C /* StatisticsService.swift */; };
		78F47045251A1C600008637C /* GlobalSummaryPresenter.swift in Sources */ = {isa = PBXBuildFile; fileRef = 78F47036251A1C600008637C /* GlobalSummaryPresenter.swift */; };
		78F47046251A1C600008637C /* GlobalSummaryViewInput.swift in Sources */ = {isa = PBXBuildFile; fileRef = 78F47038251A1C600008637C /* GlobalSummaryViewInput.swift */; };
		78F47047251A1C600008637C /* GlobalSummaryViewController.swift in Sources */ = {isa = PBXBuildFile; fileRef = 78F47039251A1C600008637C /* GlobalSummaryViewController.swift */; };
		78F47048251A1C600008637C /* GlobalSummaryViewOutput.swift in Sources */ = {isa = PBXBuildFile; fileRef = 78F4703A251A1C600008637C /* GlobalSummaryViewOutput.swift */; };
		78F47049251A1C600008637C /* GlobalSummaryConfiguratorProtocol.swift in Sources */ = {isa = PBXBuildFile; fileRef = 78F4703C251A1C600008637C /* GlobalSummaryConfiguratorProtocol.swift */; };
		78F4704A251A1C600008637C /* GlobalSummaryConfigurator.swift in Sources */ = {isa = PBXBuildFile; fileRef = 78F4703D251A1C600008637C /* GlobalSummaryConfigurator.swift */; };
		78F4704B251A1C600008637C /* GlobalSummaryInteractorInput.swift in Sources */ = {isa = PBXBuildFile; fileRef = 78F4703F251A1C600008637C /* GlobalSummaryInteractorInput.swift */; };
		78F4704C251A1C600008637C /* GlobalSummaryInteractorOutput.swift in Sources */ = {isa = PBXBuildFile; fileRef = 78F47040251A1C600008637C /* GlobalSummaryInteractorOutput.swift */; };
		78F4704D251A1C600008637C /* GlobalSummaryInteractor.swift in Sources */ = {isa = PBXBuildFile; fileRef = 78F47041251A1C600008637C /* GlobalSummaryInteractor.swift */; };
		78F4704E251A1C600008637C /* GlobalSummaryRouter.swift in Sources */ = {isa = PBXBuildFile; fileRef = 78F47043251A1C600008637C /* GlobalSummaryRouter.swift */; };
		78F4704F251A1C600008637C /* GlobalSummaryRouterInput.swift in Sources */ = {isa = PBXBuildFile; fileRef = 78F47044251A1C600008637C /* GlobalSummaryRouterInput.swift */; };
		78F47051251A1E670008637C /* GlobalSummaryCollectionViewCell.swift in Sources */ = {isa = PBXBuildFile; fileRef = 78F47050251A1E670008637C /* GlobalSummaryCollectionViewCell.swift */; };
		78F47057251A46B00008637C /* UIColor+Hex.swift in Sources */ = {isa = PBXBuildFile; fileRef = 78F47056251A46B00008637C /* UIColor+Hex.swift */; };
		78FC579A252E1DE500D872ED /* NewsService.swift in Sources */ = {isa = PBXBuildFile; fileRef = 78FC5799252E1DE500D872ED /* NewsService.swift */; };
		78FC579E252E209200D872ED /* News.swift in Sources */ = {isa = PBXBuildFile; fileRef = 78FC579D252E209200D872ED /* News.swift */; };
		78FC57A3252E291A00D872ED /* NewsTableViewCellViewModel.swift in Sources */ = {isa = PBXBuildFile; fileRef = 78FC57A2252E291A00D872ED /* NewsTableViewCellViewModel.swift */; };
		79CD0E8037D9FD490BAE965F /* NewsModuleInput.swift in Sources */ = {isa = PBXBuildFile; fileRef = 7F1F79691E1DA571B8BE78D4 /* NewsModuleInput.swift */; };
		79FC4D593585675345EEA7BE /* EducationInteractorInput.swift in Sources */ = {isa = PBXBuildFile; fileRef = C645B465657C6CF4752C07E5 /* EducationInteractorInput.swift */; };
		7B441A292C808C3010E31CC8 /* EducationViewController.swift in Sources */ = {isa = PBXBuildFile; fileRef = 10147C5E4F1CB09746FEA6EB /* EducationViewController.swift */; };
		7B525C5606BD1842CA05FB60 /* CountryDetailRouterInput.swift in Sources */ = {isa = PBXBuildFile; fileRef = 3F49740B032D3F3C3B34AA37 /* CountryDetailRouterInput.swift */; };
		7F5B2004B6993727803A77A7 /* EducationViewOutput.swift in Sources */ = {isa = PBXBuildFile; fileRef = 173932C72E6FE32CA36C3374 /* EducationViewOutput.swift */; };
		86C88894FA958882F99E7CAE /* InitialRouterInput.swift in Sources */ = {isa = PBXBuildFile; fileRef = C32B77FDF0788C8FDC275C5C /* InitialRouterInput.swift */; };
		8E83B1D7238D7A321D9AAB93 /* NewsInteractorOutput.swift in Sources */ = {isa = PBXBuildFile; fileRef = 821106C3DE0405B0D957B942 /* NewsInteractorOutput.swift */; };
		92F522CCB12FE79AAC2BDEE7 /* CountryDetailConfigurator.swift in Sources */ = {isa = PBXBuildFile; fileRef = 8C02A8B28BA28AA218FAF502 /* CountryDetailConfigurator.swift */; };
		944589AE71A01F13BB572878 /* CountryDetailViewController.swift in Sources */ = {isa = PBXBuildFile; fileRef = 7AC7E2D3964DFA55E2B9A95B /* CountryDetailViewController.swift */; };
		96EB32C47AF9BBD880DEE44D /* NewsRouterInput.swift in Sources */ = {isa = PBXBuildFile; fileRef = 2C20D9E27974F6A693BBE0DE /* NewsRouterInput.swift */; };
		96F4FBC8EB5C13AEEAC10865 /* InitialPresenter.swift in Sources */ = {isa = PBXBuildFile; fileRef = BF393CE4038DD126A6AB7BCD /* InitialPresenter.swift */; };
		9B5E14D6B10573950125CCF8 /* CountryListInteractor.swift in Sources */ = {isa = PBXBuildFile; fileRef = 3A8CCC2796EE55F602A66C92 /* CountryListInteractor.swift */; };
		A52F33A7922F73884A8F86C6 /* CountryDetailInteractor.swift in Sources */ = {isa = PBXBuildFile; fileRef = EBBA7D055A22925B6F987A78 /* CountryDetailInteractor.swift */; };
		AB033E71EEFDF9B913D10A9A /* CountryDetailRouter.swift in Sources */ = {isa = PBXBuildFile; fileRef = F7825DCF474C61B1E809296F /* CountryDetailRouter.swift */; };
		AC3A66681A5725F753CF529B /* InitialViewController.swift in Sources */ = {isa = PBXBuildFile; fileRef = AC47D6CAB3630FA4865B93DC /* InitialViewController.swift */; };
		B987AECC210604C010627EEC /* CountryListRouterInput.swift in Sources */ = {isa = PBXBuildFile; fileRef = 51EE422A5FD0737FFFAA4ECA /* CountryListRouterInput.swift */; };
		BB4C531EDF684C0B41F54A93 /* EducationRouter.swift in Sources */ = {isa = PBXBuildFile; fileRef = C7A75D1159C7E723BF3DB472 /* EducationRouter.swift */; };
		BE2BADEDE3BAD4BC1F7B1B0A /* NewsInteractorInput.swift in Sources */ = {isa = PBXBuildFile; fileRef = FFE95D5E8EFD0DD014771088 /* NewsInteractorInput.swift */; };
		C51A08C819F11AA7FCBD20DC /* CountryListViewInput.swift in Sources */ = {isa = PBXBuildFile; fileRef = 551B19753D69B3FD755B688A /* CountryListViewInput.swift */; };
		D24EC8DB4149956E9EB659F3 /* InitialInteractorInput.swift in Sources */ = {isa = PBXBuildFile; fileRef = E124386070489F1C64E6A793 /* InitialInteractorInput.swift */; };
		D4E4ECBC8B3BFA3B05082A71 /* InitialInteractor.swift in Sources */ = {isa = PBXBuildFile; fileRef = E3E5F0F6F8A0678E28589CE7 /* InitialInteractor.swift */; };
		DC42EA5371831CE7B86400D6 /* NewsRouter.swift in Sources */ = {isa = PBXBuildFile; fileRef = 7E45D175B6ED577E63CFB3AE /* NewsRouter.swift */; };
		E25E94BCAF2D3761ACE78E8A /* NewsViewInput.swift in Sources */ = {isa = PBXBuildFile; fileRef = 0A308BFC82B64D8EAD26F25A /* NewsViewInput.swift */; };
		E315A495C73A20779D6C66C6 /* EducationInteractor.swift in Sources */ = {isa = PBXBuildFile; fileRef = 9DA35C98849DDB5B559607AC /* EducationInteractor.swift */; };
		E641909DE4B427AC37BDBF2D /* EducationPresenter.swift in Sources */ = {isa = PBXBuildFile; fileRef = B67ACE1E50E522D40A0964C3 /* EducationPresenter.swift */; };
		EC43D229AD8BD75DEABF3F6B /* CountryListInteractorInput.swift in Sources */ = {isa = PBXBuildFile; fileRef = AC5300C7E644A10C68B3D819 /* CountryListInteractorInput.swift */; };
		FB533B4C52E7CAC97895B8EB /* CountryListConfigurator.swift in Sources */ = {isa = PBXBuildFile; fileRef = ECFCF96A4CDE32E1F0EB2CDE /* CountryListConfigurator.swift */; };
		FBAD5949998B52FA8A597DD5 /* EducationConfigurator.swift in Sources */ = {isa = PBXBuildFile; fileRef = A85D7C8F092CB2E1B77B2F95 /* EducationConfigurator.swift */; };
		FE79015C51A5D5563E1DC5D5 /* CountryListPresenter.swift in Sources */ = {isa = PBXBuildFile; fileRef = CE4474A91B25393609C92B35 /* CountryListPresenter.swift */; };
		FE7C20736E59C2A1D88A4BF8 /* EducationViewInput.swift in Sources */ = {isa = PBXBuildFile; fileRef = 656215BA6C38543E6A3BF632 /* EducationViewInput.swift */; };
/* End PBXBuildFile section */

/* Begin PBXFileReference section */
		05F7CC75D8885BDCE7BFE53D /* CountryDetailInteractorInput.swift */ = {isa = PBXFileReference; includeInIndex = 1; lastKnownFileType = sourcecode.swift; path = CountryDetailInteractorInput.swift; sourceTree = "<group>"; };
		0A308BFC82B64D8EAD26F25A /* NewsViewInput.swift */ = {isa = PBXFileReference; includeInIndex = 1; lastKnownFileType = sourcecode.swift; path = NewsViewInput.swift; sourceTree = "<group>"; };
		0C5A1C5C4116DA9E7F466AC0 /* NewsViewOutput.swift */ = {isa = PBXFileReference; includeInIndex = 1; lastKnownFileType = sourcecode.swift; path = NewsViewOutput.swift; sourceTree = "<group>"; };
		0F442151A650C2D5F02A9789 /* NewsConfigurator.swift */ = {isa = PBXFileReference; includeInIndex = 1; lastKnownFileType = sourcecode.swift; path = NewsConfigurator.swift; sourceTree = "<group>"; };
		10147C5E4F1CB09746FEA6EB /* EducationViewController.swift */ = {isa = PBXFileReference; includeInIndex = 1; lastKnownFileType = sourcecode.swift; path = EducationViewController.swift; sourceTree = "<group>"; };
		173932C72E6FE32CA36C3374 /* EducationViewOutput.swift */ = {isa = PBXFileReference; includeInIndex = 1; lastKnownFileType = sourcecode.swift; path = EducationViewOutput.swift; sourceTree = "<group>"; };
		2504FD0D609A79E007A41958 /* CountryDetailViewOutput.swift */ = {isa = PBXFileReference; includeInIndex = 1; lastKnownFileType = sourcecode.swift; path = CountryDetailViewOutput.swift; sourceTree = "<group>"; };
		2C20D9E27974F6A693BBE0DE /* NewsRouterInput.swift */ = {isa = PBXFileReference; includeInIndex = 1; lastKnownFileType = sourcecode.swift; path = NewsRouterInput.swift; sourceTree = "<group>"; };
		3A8CCC2796EE55F602A66C92 /* CountryListInteractor.swift */ = {isa = PBXFileReference; includeInIndex = 1; lastKnownFileType = sourcecode.swift; path = CountryListInteractor.swift; sourceTree = "<group>"; };
		3DA05410FD2F85EDD20B0572 /* InitialConfigurator.swift */ = {isa = PBXFileReference; includeInIndex = 1; lastKnownFileType = sourcecode.swift; path = InitialConfigurator.swift; sourceTree = "<group>"; };
		3F49740B032D3F3C3B34AA37 /* CountryDetailRouterInput.swift */ = {isa = PBXFileReference; includeInIndex = 1; lastKnownFileType = sourcecode.swift; path = CountryDetailRouterInput.swift; sourceTree = "<group>"; };
		400B2D83E2596AF4E8FDB089 /* NewsPresenter.swift */ = {isa = PBXFileReference; includeInIndex = 1; lastKnownFileType = sourcecode.swift; path = NewsPresenter.swift; sourceTree = "<group>"; };
		510EEEAACD0DF9AF377F16D2 /* NewsInteractor.swift */ = {isa = PBXFileReference; includeInIndex = 1; lastKnownFileType = sourcecode.swift; path = NewsInteractor.swift; sourceTree = "<group>"; };
		51EE422A5FD0737FFFAA4ECA /* CountryListRouterInput.swift */ = {isa = PBXFileReference; includeInIndex = 1; lastKnownFileType = sourcecode.swift; path = CountryListRouterInput.swift; sourceTree = "<group>"; };
		52560C1286FC687C1D5289AF /* EducationModuleInput.swift */ = {isa = PBXFileReference; includeInIndex = 1; lastKnownFileType = sourcecode.swift; path = EducationModuleInput.swift; sourceTree = "<group>"; };
		53AF654E4524889E49529801 /* CountryDetailModuleInput.swift */ = {isa = PBXFileReference; includeInIndex = 1; lastKnownFileType = sourcecode.swift; path = CountryDetailModuleInput.swift; sourceTree = "<group>"; };
		551B19753D69B3FD755B688A /* CountryListViewInput.swift */ = {isa = PBXFileReference; includeInIndex = 1; lastKnownFileType = sourcecode.swift; path = CountryListViewInput.swift; sourceTree = "<group>"; };
		656215BA6C38543E6A3BF632 /* EducationViewInput.swift */ = {isa = PBXFileReference; includeInIndex = 1; lastKnownFileType = sourcecode.swift; path = EducationViewInput.swift; sourceTree = "<group>"; };
		66790BCDED80A279D57A5136 /* InitialInteractorOutput.swift */ = {isa = PBXFileReference; includeInIndex = 1; lastKnownFileType = sourcecode.swift; path = InitialInteractorOutput.swift; sourceTree = "<group>"; };
		6E59F9EFDF0239376F94923C /* EducationRouterInput.swift */ = {isa = PBXFileReference; includeInIndex = 1; lastKnownFileType = sourcecode.swift; path = EducationRouterInput.swift; sourceTree = "<group>"; };
		780CACC42524BF2B00B77AC1 /* CountryDetailConfiguratorProtocol.swift */ = {isa = PBXFileReference; lastKnownFileType = sourcecode.swift; path = CountryDetailConfiguratorProtocol.swift; sourceTree = "<group>"; };
		780CACCE25253CE900B77AC1 /* CountryDetailHeaderView.swift */ = {isa = PBXFileReference; lastKnownFileType = sourcecode.swift; path = CountryDetailHeaderView.swift; sourceTree = "<group>"; };
		780CACD225253D4400B77AC1 /* CountryDetailHeaderViewPreview.swift */ = {isa = PBXFileReference; lastKnownFileType = sourcecode.swift; path = CountryDetailHeaderViewPreview.swift; sourceTree = "<group>"; };
		780CACD725254CDB00B77AC1 /* CountryDetailGraphView.swift */ = {isa = PBXFileReference; lastKnownFileType = sourcecode.swift; path = CountryDetailGraphView.swift; sourceTree = "<group>"; };
		780CACDB25254D2400B77AC1 /* CountryDetailGraphViewPreview.swift */ = {isa = PBXFileReference; lastKnownFileType = sourcecode.swift; path = CountryDetailGraphViewPreview.swift; sourceTree = "<group>"; };
		781019CB2523EB3C00462CFC /* Int+Formatter.swift */ = {isa = PBXFileReference; lastKnownFileType = sourcecode.swift; path = "Int+Formatter.swift"; sourceTree = "<group>"; };
		7819C8D72534A16A002C7AAC /* EducationSegmentPreventionView.swift */ = {isa = PBXFileReference; lastKnownFileType = sourcecode.swift; path = EducationSegmentPreventionView.swift; sourceTree = "<group>"; };
		7819C8DB2534A175002C7AAC /* EducationSegmentPreventionViewPreview.swift */ = {isa = PBXFileReference; lastKnownFileType = sourcecode.swift; path = EducationSegmentPreventionViewPreview.swift; sourceTree = "<group>"; };
		7819C8E12536591B002C7AAC /* EducationSegmentSymptomsView.swift */ = {isa = PBXFileReference; lastKnownFileType = sourcecode.swift; path = EducationSegmentSymptomsView.swift; sourceTree = "<group>"; };
		7819C8E42536592E002C7AAC /* EducationSegmentSymptomsViewPreview.swift */ = {isa = PBXFileReference; lastKnownFileType = sourcecode.swift; path = EducationSegmentSymptomsViewPreview.swift; sourceTree = "<group>"; };
		7819C8EB25369A75002C7AAC /* EducationSegmentPreventionViewTab.swift */ = {isa = PBXFileReference; lastKnownFileType = sourcecode.swift; path = EducationSegmentPreventionViewTab.swift; sourceTree = "<group>"; };
		7819C8EF25375249002C7AAC /* EducationSegmentPreventionViewTabViewModel.swift */ = {isa = PBXFileReference; lastKnownFileType = sourcecode.swift; path = EducationSegmentPreventionViewTabViewModel.swift; sourceTree = "<group>"; };
		781CC7C7252E6359007E30A5 /* EducationConfiguratorProtocol.swift */ = {isa = PBXFileReference; lastKnownFileType = sourcecode.swift; path = EducationConfiguratorProtocol.swift; sourceTree = "<group>"; };
		781CC7CB252E66BF007E30A5 /* EducationHeaderView.swift */ = {isa = PBXFileReference; lastKnownFileType = sourcecode.swift; path = EducationHeaderView.swift; sourceTree = "<group>"; };
		781CC7CF252E670D007E30A5 /* EducationHeaderViewPreview.swift */ = {isa = PBXFileReference; lastKnownFileType = sourcecode.swift; path = EducationHeaderViewPreview.swift; sourceTree = "<group>"; };
		78253DC1253911C400889F74 /* EducationSegmentSymptomsViewTab.swift */ = {isa = PBXFileReference; lastKnownFileType = sourcecode.swift; path = EducationSegmentSymptomsViewTab.swift; sourceTree = "<group>"; };
		78253DC42539161C00889F74 /* EducationSegmentSymptomsViewTabViewModel.swift */ = {isa = PBXFileReference; lastKnownFileType = sourcecode.swift; path = EducationSegmentSymptomsViewTabViewModel.swift; sourceTree = "<group>"; };
		78253DCB25392AF500889F74 /* EducationLegendTabStackView.swift */ = {isa = PBXFileReference; lastKnownFileType = sourcecode.swift; path = EducationLegendTabStackView.swift; sourceTree = "<group>"; };
		78253DD2253BA2EE00889F74 /* Charts+DaysCount.swift */ = {isa = PBXFileReference; lastKnownFileType = sourcecode.swift; path = "Charts+DaysCount.swift"; sourceTree = "<group>"; };
		78516E70251A5F6E00FBDBDE /* Trending.swift */ = {isa = PBXFileReference; lastKnownFileType = sourcecode.swift; path = Trending.swift; sourceTree = "<group>"; };
		78516E79251A935800FBDBDE /* UIVIewController+Preview.swift */ = {isa = PBXFileReference; lastKnownFileType = sourcecode.swift; path = "UIVIewController+Preview.swift"; sourceTree = "<group>"; };
		786DA4FC252FC93F002B688F /* InitialConfiguratorProtocol.swift */ = {isa = PBXFileReference; lastKnownFileType = sourcecode.swift; path = InitialConfiguratorProtocol.swift; sourceTree = "<group>"; };
		786DA503252FCEF8002B688F /* InitialPageContentViewController.swift */ = {isa = PBXFileReference; lastKnownFileType = sourcecode.swift; path = InitialPageContentViewController.swift; sourceTree = "<group>"; };
		786DA507252FDC50002B688F /* InitialPageContentViewModel.swift */ = {isa = PBXFileReference; lastKnownFileType = sourcecode.swift; path = InitialPageContentViewModel.swift; sourceTree = "<group>"; };
		78B1335B252B6034008E2883 /* CountryDetailGraphViewModel.swift */ = {isa = PBXFileReference; lastKnownFileType = sourcecode.swift; path = CountryDetailGraphViewModel.swift; sourceTree = "<group>"; };
		78B1335E252B630D008E2883 /* CountryHistorical.swift */ = {isa = PBXFileReference; lastKnownFileType = sourcecode.swift; path = CountryHistorical.swift; sourceTree = "<group>"; };
		78B13371252CBC0F008E2883 /* NewsConfiguratorProtocol.swift */ = {isa = PBXFileReference; lastKnownFileType = sourcecode.swift; path = NewsConfiguratorProtocol.swift; sourceTree = "<group>"; };
		78B13375252CC3A6008E2883 /* NewsTableViewCell.swift */ = {isa = PBXFileReference; lastKnownFileType = sourcecode.swift; path = NewsTableViewCell.swift; sourceTree = "<group>"; };
		78B13378252CC3D8008E2883 /* NewsTableViewCellPreview.swift */ = {isa = PBXFileReference; lastKnownFileType = sourcecode.swift; path = NewsTableViewCellPreview.swift; sourceTree = "<group>"; };
		78B8BC122522765F00E8210F /* CountryListTableViewHeader.swift */ = {isa = PBXFileReference; lastKnownFileType = sourcecode.swift; path = CountryListTableViewHeader.swift; sourceTree = "<group>"; };
		78B8BC17252292A700E8210F /* СountrySummary.swift */ = {isa = PBXFileReference; lastKnownFileType = sourcecode.swift; path = "СountrySummary.swift"; sourceTree = "<group>"; };
		78B8BC1C2523621500E8210F /* CountryListTableViewCellViewModel.swift */ = {isa = PBXFileReference; lastKnownFileType = sourcecode.swift; path = CountryListTableViewCellViewModel.swift; sourceTree = "<group>"; };
		78B8BC2C25237DE200E8210F /* CountryListTableViewCellPreview.swift */ = {isa = PBXFileReference; lastKnownFileType = sourcecode.swift; path = CountryListTableViewCellPreview.swift; sourceTree = "<group>"; };
		78B8BC302523ADAC00E8210F /* GlobalSummaryCollectionViewCellPreview.swift */ = {isa = PBXFileReference; lastKnownFileType = sourcecode.swift; path = GlobalSummaryCollectionViewCellPreview.swift; sourceTree = "<group>"; };
		78D1BA5C251B9F8B000A21C8 /* GlobalSummaryCollectionViewCellViewModel.swift */ = {isa = PBXFileReference; lastKnownFileType = sourcecode.swift; path = GlobalSummaryCollectionViewCellViewModel.swift; sourceTree = "<group>"; };
		78D1BA60251BE56C000A21C8 /* GlobalSummaryHistorical.swift */ = {isa = PBXFileReference; lastKnownFileType = sourcecode.swift; path = GlobalSummaryHistorical.swift; sourceTree = "<group>"; };
		78D1BA66251CCEAC000A21C8 /* GlobalSummaryCollectionViewCellType.swift */ = {isa = PBXFileReference; lastKnownFileType = sourcecode.swift; path = GlobalSummaryCollectionViewCellType.swift; sourceTree = "<group>"; };
		78D1BA6A251CCEC5000A21C8 /* GlobalSummaryGraphViewModel.swift */ = {isa = PBXFileReference; lastKnownFileType = sourcecode.swift; path = GlobalSummaryGraphViewModel.swift; sourceTree = "<group>"; };
		78D1BA7E251D0BC8000A21C8 /* CountryListConfiguratorProtocol.swift */ = {isa = PBXFileReference; lastKnownFileType = sourcecode.swift; path = CountryListConfiguratorProtocol.swift; sourceTree = "<group>"; };
		78D1BA88251D2EAE000A21C8 /* CountryListTableViewCell.swift */ = {isa = PBXFileReference; lastKnownFileType = sourcecode.swift; path = CountryListTableViewCell.swift; sourceTree = "<group>"; };
		78D3926E2537A2E2003A478C /* EducationSegments.swift */ = {isa = PBXFileReference; lastKnownFileType = sourcecode.swift; path = EducationSegments.swift; sourceTree = "<group>"; };
		78D3927B2537BD25003A478C /* EducationSegmentsContainerView.swift */ = {isa = PBXFileReference; lastKnownFileType = sourcecode.swift; path = EducationSegmentsContainerView.swift; sourceTree = "<group>"; };
		78D392882537CC60003A478C /* EducationSegmentDiagnosisView.swift */ = {isa = PBXFileReference; lastKnownFileType = sourcecode.swift; path = EducationSegmentDiagnosisView.swift; sourceTree = "<group>"; };
		78F1691B252680FC00D77BFE /* AppCoordinator.swift */ = {isa = PBXFileReference; lastKnownFileType = sourcecode.swift; path = AppCoordinator.swift; sourceTree = "<group>"; };
		78F169232526904B00D77BFE /* CountryDetailHeaderViewModel.swift */ = {isa = PBXFileReference; lastKnownFileType = sourcecode.swift; path = CountryDetailHeaderViewModel.swift; sourceTree = "<group>"; };
		78F169272526909E00D77BFE /* UIImageView + URL.swift */ = {isa = PBXFileReference; lastKnownFileType = sourcecode.swift; path = "UIImageView + URL.swift"; sourceTree = "<group>"; };
		78F1694C2527647300D77BFE /* GlobalSummaryRecoveryGraph.swift */ = {isa = PBXFileReference; lastKnownFileType = sourcecode.swift; path = GlobalSummaryRecoveryGraph.swift; sourceTree = "<group>"; };
		78F169502527648D00D77BFE /* GlobalSummaryRecoveryGraphPreview.swift */ = {isa = PBXFileReference; lastKnownFileType = sourcecode.swift; path = GlobalSummaryRecoveryGraphPreview.swift; sourceTree = "<group>"; };
		78F169532527869C00D77BFE /* GlobalSummaryRecoveryGraphLegend.swift */ = {isa = PBXFileReference; lastKnownFileType = sourcecode.swift; path = GlobalSummaryRecoveryGraphLegend.swift; sourceTree = "<group>"; };
		78F16956252786C700D77BFE /* GlobalSummaryRecoveryGraphLegendPreview.swift */ = {isa = PBXFileReference; lastKnownFileType = sourcecode.swift; path = GlobalSummaryRecoveryGraphLegendPreview.swift; sourceTree = "<group>"; };
		78F169592527C84300D77BFE /* GlobalSummaryRecoveryGraphViewModel.swift */ = {isa = PBXFileReference; lastKnownFileType = sourcecode.swift; path = GlobalSummaryRecoveryGraphViewModel.swift; sourceTree = "<group>"; };
		78F46FE22518D39E0008637C /* COVStats.app */ = {isa = PBXFileReference; explicitFileType = wrapper.application; includeInIndex = 0; path = COVStats.app; sourceTree = BUILT_PRODUCTS_DIR; };
		78F46FE52518D39E0008637C /* AppDelegate.swift */ = {isa = PBXFileReference; lastKnownFileType = sourcecode.swift; path = AppDelegate.swift; sourceTree = "<group>"; };
		78F46FE72518D39E0008637C /* SceneDelegate.swift */ = {isa = PBXFileReference; lastKnownFileType = sourcecode.swift; path = SceneDelegate.swift; sourceTree = "<group>"; };
		78F46FEE2518D39E0008637C /* Assets.xcassets */ = {isa = PBXFileReference; lastKnownFileType = folder.assetcatalog; path = Assets.xcassets; sourceTree = "<group>"; };
		78F46FF12518D39E0008637C /* Base */ = {isa = PBXFileReference; lastKnownFileType = file.storyboard; name = Base; path = Base.lproj/LaunchScreen.storyboard; sourceTree = "<group>"; };
		78F46FF32518D39E0008637C /* Info.plist */ = {isa = PBXFileReference; lastKnownFileType = text.plist.xml; path = Info.plist; sourceTree = "<group>"; };
		78F46FFA2518E0170008637C /* HomeViewController.swift */ = {isa = PBXFileReference; lastKnownFileType = sourcecode.swift; path = HomeViewController.swift; sourceTree = "<group>"; };
		78F46FFC2518E19E0008637C /* HomePresenter.swift */ = {isa = PBXFileReference; lastKnownFileType = sourcecode.swift; path = HomePresenter.swift; sourceTree = "<group>"; };
		78F46FFE2518E55A0008637C /* HomeInteractor.swift */ = {isa = PBXFileReference; lastKnownFileType = sourcecode.swift; path = HomeInteractor.swift; sourceTree = "<group>"; };
		78F470032518E5BC0008637C /* HomeViewInput.swift */ = {isa = PBXFileReference; lastKnownFileType = sourcecode.swift; path = HomeViewInput.swift; sourceTree = "<group>"; };
		78F470052518E5D20008637C /* HomeViewOutput.swift */ = {isa = PBXFileReference; lastKnownFileType = sourcecode.swift; path = HomeViewOutput.swift; sourceTree = "<group>"; };
		78F470072518E6120008637C /* HomeInteractorInput.swift */ = {isa = PBXFileReference; lastKnownFileType = sourcecode.swift; path = HomeInteractorInput.swift; sourceTree = "<group>"; };
		78F470092518E61C0008637C /* HomeInteractorOutput.swift */ = {isa = PBXFileReference; lastKnownFileType = sourcecode.swift; path = HomeInteractorOutput.swift; sourceTree = "<group>"; };
		78F4700B2518E7F00008637C /* HomeRouter.swift */ = {isa = PBXFileReference; lastKnownFileType = sourcecode.swift; path = HomeRouter.swift; sourceTree = "<group>"; };
		78F4700F2518E8090008637C /* HomeRouterInput.swift */ = {isa = PBXFileReference; lastKnownFileType = sourcecode.swift; path = HomeRouterInput.swift; sourceTree = "<group>"; };
		78F470122518E8E70008637C /* HomeConfigurator.swift */ = {isa = PBXFileReference; lastKnownFileType = sourcecode.swift; path = HomeConfigurator.swift; sourceTree = "<group>"; };
		78F470142518E9F20008637C /* HomeConfiguratorProtocol.swift */ = {isa = PBXFileReference; lastKnownFileType = sourcecode.swift; path = HomeConfiguratorProtocol.swift; sourceTree = "<group>"; };
		78F470172519092D0008637C /* GlobalSummaryCovidCases.swift */ = {isa = PBXFileReference; lastKnownFileType = sourcecode.swift; path = GlobalSummaryCovidCases.swift; sourceTree = "<group>"; };
		78F4701A25190DEE0008637C /* NetworkService.swift */ = {isa = PBXFileReference; fileEncoding = 4; lastKnownFileType = sourcecode.swift; path = NetworkService.swift; sourceTree = "<group>"; };
		78F4701C251943C10008637C /* StatisticsService.swift */ = {isa = PBXFileReference; lastKnownFileType = sourcecode.swift; path = StatisticsService.swift; sourceTree = "<group>"; };
		78F47036251A1C600008637C /* GlobalSummaryPresenter.swift */ = {isa = PBXFileReference; fileEncoding = 4; lastKnownFileType = sourcecode.swift; path = GlobalSummaryPresenter.swift; sourceTree = "<group>"; };
		78F47038251A1C600008637C /* GlobalSummaryViewInput.swift */ = {isa = PBXFileReference; fileEncoding = 4; lastKnownFileType = sourcecode.swift; path = GlobalSummaryViewInput.swift; sourceTree = "<group>"; };
		78F47039251A1C600008637C /* GlobalSummaryViewController.swift */ = {isa = PBXFileReference; fileEncoding = 4; lastKnownFileType = sourcecode.swift; path = GlobalSummaryViewController.swift; sourceTree = "<group>"; };
		78F4703A251A1C600008637C /* GlobalSummaryViewOutput.swift */ = {isa = PBXFileReference; fileEncoding = 4; lastKnownFileType = sourcecode.swift; path = GlobalSummaryViewOutput.swift; sourceTree = "<group>"; };
		78F4703C251A1C600008637C /* GlobalSummaryConfiguratorProtocol.swift */ = {isa = PBXFileReference; fileEncoding = 4; lastKnownFileType = sourcecode.swift; path = GlobalSummaryConfiguratorProtocol.swift; sourceTree = "<group>"; };
		78F4703D251A1C600008637C /* GlobalSummaryConfigurator.swift */ = {isa = PBXFileReference; fileEncoding = 4; lastKnownFileType = sourcecode.swift; path = GlobalSummaryConfigurator.swift; sourceTree = "<group>"; };
		78F4703F251A1C600008637C /* GlobalSummaryInteractorInput.swift */ = {isa = PBXFileReference; fileEncoding = 4; lastKnownFileType = sourcecode.swift; path = GlobalSummaryInteractorInput.swift; sourceTree = "<group>"; };
		78F47040251A1C600008637C /* GlobalSummaryInteractorOutput.swift */ = {isa = PBXFileReference; fileEncoding = 4; lastKnownFileType = sourcecode.swift; path = GlobalSummaryInteractorOutput.swift; sourceTree = "<group>"; };
		78F47041251A1C600008637C /* GlobalSummaryInteractor.swift */ = {isa = PBXFileReference; fileEncoding = 4; lastKnownFileType = sourcecode.swift; path = GlobalSummaryInteractor.swift; sourceTree = "<group>"; };
		78F47043251A1C600008637C /* GlobalSummaryRouter.swift */ = {isa = PBXFileReference; fileEncoding = 4; lastKnownFileType = sourcecode.swift; path = GlobalSummaryRouter.swift; sourceTree = "<group>"; };
		78F47044251A1C600008637C /* GlobalSummaryRouterInput.swift */ = {isa = PBXFileReference; fileEncoding = 4; lastKnownFileType = sourcecode.swift; path = GlobalSummaryRouterInput.swift; sourceTree = "<group>"; };
		78F47050251A1E670008637C /* GlobalSummaryCollectionViewCell.swift */ = {isa = PBXFileReference; lastKnownFileType = sourcecode.swift; path = GlobalSummaryCollectionViewCell.swift; sourceTree = "<group>"; };
		78F47056251A46B00008637C /* UIColor+Hex.swift */ = {isa = PBXFileReference; lastKnownFileType = sourcecode.swift; path = "UIColor+Hex.swift"; sourceTree = "<group>"; };
		78FC5799252E1DE500D872ED /* NewsService.swift */ = {isa = PBXFileReference; lastKnownFileType = sourcecode.swift; path = NewsService.swift; sourceTree = "<group>"; };
		78FC579D252E209200D872ED /* News.swift */ = {isa = PBXFileReference; lastKnownFileType = sourcecode.swift; path = News.swift; sourceTree = "<group>"; };
		78FC57A2252E291A00D872ED /* NewsTableViewCellViewModel.swift */ = {isa = PBXFileReference; lastKnownFileType = sourcecode.swift; path = NewsTableViewCellViewModel.swift; sourceTree = "<group>"; };
		7AC7E2D3964DFA55E2B9A95B /* CountryDetailViewController.swift */ = {isa = PBXFileReference; includeInIndex = 1; lastKnownFileType = sourcecode.swift; path = CountryDetailViewController.swift; sourceTree = "<group>"; };
		7E45D175B6ED577E63CFB3AE /* NewsRouter.swift */ = {isa = PBXFileReference; includeInIndex = 1; lastKnownFileType = sourcecode.swift; path = NewsRouter.swift; sourceTree = "<group>"; };
		7F1F79691E1DA571B8BE78D4 /* NewsModuleInput.swift */ = {isa = PBXFileReference; includeInIndex = 1; lastKnownFileType = sourcecode.swift; path = NewsModuleInput.swift; sourceTree = "<group>"; };
		81CFE66D241F674DCE43FDC2 /* InitialViewOutput.swift */ = {isa = PBXFileReference; includeInIndex = 1; lastKnownFileType = sourcecode.swift; path = InitialViewOutput.swift; sourceTree = "<group>"; };
		821106C3DE0405B0D957B942 /* NewsInteractorOutput.swift */ = {isa = PBXFileReference; includeInIndex = 1; lastKnownFileType = sourcecode.swift; path = NewsInteractorOutput.swift; sourceTree = "<group>"; };
		835D836CB4802312E8C4E34A /* EducationInteractorOutput.swift */ = {isa = PBXFileReference; includeInIndex = 1; lastKnownFileType = sourcecode.swift; path = EducationInteractorOutput.swift; sourceTree = "<group>"; };
		89EEB026D199094EDF69C199 /* CountryDetailInteractorOutput.swift */ = {isa = PBXFileReference; includeInIndex = 1; lastKnownFileType = sourcecode.swift; path = CountryDetailInteractorOutput.swift; sourceTree = "<group>"; };
		8A374EAB9680F1ED620AC8D5 /* InitialRouter.swift */ = {isa = PBXFileReference; includeInIndex = 1; lastKnownFileType = sourcecode.swift; path = InitialRouter.swift; sourceTree = "<group>"; };
		8C02A8B28BA28AA218FAF502 /* CountryDetailConfigurator.swift */ = {isa = PBXFileReference; includeInIndex = 1; lastKnownFileType = sourcecode.swift; path = CountryDetailConfigurator.swift; sourceTree = "<group>"; };
		92924876E4E75354AC645502 /* CountryListViewController.swift */ = {isa = PBXFileReference; includeInIndex = 1; lastKnownFileType = sourcecode.swift; path = CountryListViewController.swift; sourceTree = "<group>"; };
		97882A3436119DEE22AA51E7 /* CountryDetailViewInput.swift */ = {isa = PBXFileReference; includeInIndex = 1; lastKnownFileType = sourcecode.swift; path = CountryDetailViewInput.swift; sourceTree = "<group>"; };
		9D2A6164830B54906DFC83E9 /* Pods_COVStats.framework */ = {isa = PBXFileReference; explicitFileType = wrapper.framework; includeInIndex = 0; path = Pods_COVStats.framework; sourceTree = BUILT_PRODUCTS_DIR; };
		9D9BCB792327FBC601E4F8BB /* CountryListRouter.swift */ = {isa = PBXFileReference; includeInIndex = 1; lastKnownFileType = sourcecode.swift; path = CountryListRouter.swift; sourceTree = "<group>"; };
		9DA35C98849DDB5B559607AC /* EducationInteractor.swift */ = {isa = PBXFileReference; includeInIndex = 1; lastKnownFileType = sourcecode.swift; path = EducationInteractor.swift; sourceTree = "<group>"; };
		A668E44C5CE6921F7CED73FC /* InitialViewInput.swift */ = {isa = PBXFileReference; includeInIndex = 1; lastKnownFileType = sourcecode.swift; path = InitialViewInput.swift; sourceTree = "<group>"; };
		A85D7C8F092CB2E1B77B2F95 /* EducationConfigurator.swift */ = {isa = PBXFileReference; includeInIndex = 1; lastKnownFileType = sourcecode.swift; path = EducationConfigurator.swift; sourceTree = "<group>"; };
		ABE2A436278FE2AE06CC8667 /* NewsViewController.swift */ = {isa = PBXFileReference; includeInIndex = 1; lastKnownFileType = sourcecode.swift; path = NewsViewController.swift; sourceTree = "<group>"; };
		AC47D6CAB3630FA4865B93DC /* InitialViewController.swift */ = {isa = PBXFileReference; includeInIndex = 1; lastKnownFileType = sourcecode.swift; path = InitialViewController.swift; sourceTree = "<group>"; };
		AC5300C7E644A10C68B3D819 /* CountryListInteractorInput.swift */ = {isa = PBXFileReference; includeInIndex = 1; lastKnownFileType = sourcecode.swift; path = CountryListInteractorInput.swift; sourceTree = "<group>"; };
		AE79C5712B88CC676927F158 /* CountryListViewOutput.swift */ = {isa = PBXFileReference; includeInIndex = 1; lastKnownFileType = sourcecode.swift; path = CountryListViewOutput.swift; sourceTree = "<group>"; };
		B67ACE1E50E522D40A0964C3 /* EducationPresenter.swift */ = {isa = PBXFileReference; includeInIndex = 1; lastKnownFileType = sourcecode.swift; path = EducationPresenter.swift; sourceTree = "<group>"; };
		B6AFB45A3FBD25ED4582C8B8 /* CountryListInteractorOutput.swift */ = {isa = PBXFileReference; includeInIndex = 1; lastKnownFileType = sourcecode.swift; path = CountryListInteractorOutput.swift; sourceTree = "<group>"; };
		BF393CE4038DD126A6AB7BCD /* InitialPresenter.swift */ = {isa = PBXFileReference; includeInIndex = 1; lastKnownFileType = sourcecode.swift; path = InitialPresenter.swift; sourceTree = "<group>"; };
		C32B77FDF0788C8FDC275C5C /* InitialRouterInput.swift */ = {isa = PBXFileReference; includeInIndex = 1; lastKnownFileType = sourcecode.swift; path = InitialRouterInput.swift; sourceTree = "<group>"; };
		C645B465657C6CF4752C07E5 /* EducationInteractorInput.swift */ = {isa = PBXFileReference; includeInIndex = 1; lastKnownFileType = sourcecode.swift; path = EducationInteractorInput.swift; sourceTree = "<group>"; };
		C7A75D1159C7E723BF3DB472 /* EducationRouter.swift */ = {isa = PBXFileReference; includeInIndex = 1; lastKnownFileType = sourcecode.swift; path = EducationRouter.swift; sourceTree = "<group>"; };
		CE4474A91B25393609C92B35 /* CountryListPresenter.swift */ = {isa = PBXFileReference; includeInIndex = 1; lastKnownFileType = sourcecode.swift; path = CountryListPresenter.swift; sourceTree = "<group>"; };
		D7B5ADE79A4AC9CC6A577DCC /* Pods-COVStats.release.xcconfig */ = {isa = PBXFileReference; includeInIndex = 1; lastKnownFileType = text.xcconfig; name = "Pods-COVStats.release.xcconfig"; path = "Target Support Files/Pods-COVStats/Pods-COVStats.release.xcconfig"; sourceTree = "<group>"; };
		E124386070489F1C64E6A793 /* InitialInteractorInput.swift */ = {isa = PBXFileReference; includeInIndex = 1; lastKnownFileType = sourcecode.swift; path = InitialInteractorInput.swift; sourceTree = "<group>"; };
		E3E5F0F6F8A0678E28589CE7 /* InitialInteractor.swift */ = {isa = PBXFileReference; includeInIndex = 1; lastKnownFileType = sourcecode.swift; path = InitialInteractor.swift; sourceTree = "<group>"; };
		E6743936026E95E4B1F99C13 /* Pods-COVStats.debug.xcconfig */ = {isa = PBXFileReference; includeInIndex = 1; lastKnownFileType = text.xcconfig; name = "Pods-COVStats.debug.xcconfig"; path = "Target Support Files/Pods-COVStats/Pods-COVStats.debug.xcconfig"; sourceTree = "<group>"; };
		EBBA7D055A22925B6F987A78 /* CountryDetailInteractor.swift */ = {isa = PBXFileReference; includeInIndex = 1; lastKnownFileType = sourcecode.swift; path = CountryDetailInteractor.swift; sourceTree = "<group>"; };
		ECFCF96A4CDE32E1F0EB2CDE /* CountryListConfigurator.swift */ = {isa = PBXFileReference; includeInIndex = 1; lastKnownFileType = sourcecode.swift; path = CountryListConfigurator.swift; sourceTree = "<group>"; };
		EDE538361A076B1673BAB273 /* CountryDetailPresenter.swift */ = {isa = PBXFileReference; includeInIndex = 1; lastKnownFileType = sourcecode.swift; path = CountryDetailPresenter.swift; sourceTree = "<group>"; };
		F7825DCF474C61B1E809296F /* CountryDetailRouter.swift */ = {isa = PBXFileReference; includeInIndex = 1; lastKnownFileType = sourcecode.swift; path = CountryDetailRouter.swift; sourceTree = "<group>"; };
		FFE95D5E8EFD0DD014771088 /* NewsInteractorInput.swift */ = {isa = PBXFileReference; includeInIndex = 1; lastKnownFileType = sourcecode.swift; path = NewsInteractorInput.swift; sourceTree = "<group>"; };
/* End PBXFileReference section */

/* Begin PBXFrameworksBuildPhase section */
		78F46FDF2518D39E0008637C /* Frameworks */ = {
			isa = PBXFrameworksBuildPhase;
			buildActionMask = 2147483647;
			files = (
				572737333E3E4BAAEA979C00 /* Pods_COVStats.framework in Frameworks */,
			);
			runOnlyForDeploymentPostprocessing = 0;
		};
/* End PBXFrameworksBuildPhase section */

/* Begin PBXGroup section */
		1EA4059D0928293C714B45A3 /* CountryDetail */ = {
			isa = PBXGroup;
			children = (
				78F169222526902400D77BFE /* ViewModel */,
				4901786CE2D865EEE344F5A8 /* View */,
				3BEE074244539173770E33D0 /* Presenter */,
				8D8C1C9560AC49A7F1E7708E /* Interactor */,
				843AFE226D7EB479ADC2F671 /* Router */,
				E06E543309A157968AC7FF63 /* Configurator */,
			);
			path = CountryDetail;
			sourceTree = "<group>";
		};
		20E89E761AAE94B93754C70E /* View */ = {
			isa = PBXGroup;
			children = (
				78B8BC152522787D00E8210F /* TableViewHeader */,
				78D1BA82251D2B0C000A21C8 /* TableViewCell */,
				551B19753D69B3FD755B688A /* CountryListViewInput.swift */,
				AE79C5712B88CC676927F158 /* CountryListViewOutput.swift */,
				92924876E4E75354AC645502 /* CountryListViewController.swift */,
			);
			path = View;
			sourceTree = "<group>";
		};
		35DAA1B9D6AE60147588E657 /* Configurator */ = {
			isa = PBXGroup;
			children = (
				ECFCF96A4CDE32E1F0EB2CDE /* CountryListConfigurator.swift */,
				78D1BA7E251D0BC8000A21C8 /* CountryListConfiguratorProtocol.swift */,
			);
			path = Configurator;
			sourceTree = "<group>";
		};
		3BEE074244539173770E33D0 /* Presenter */ = {
			isa = PBXGroup;
			children = (
				53AF654E4524889E49529801 /* CountryDetailModuleInput.swift */,
				EDE538361A076B1673BAB273 /* CountryDetailPresenter.swift */,
			);
			path = Presenter;
			sourceTree = "<group>";
		};
		3C797FFC637042FABB753763 /* Education */ = {
			isa = PBXGroup;
			children = (
				85BAA29ADFD70B3B615C7583 /* View */,
				8621A7C31DE911EBE4CE4132 /* Presenter */,
				83FD41EEDE28B921537CF1E1 /* Interactor */,
				5B261DB67A15A7C7C19B1D9D /* Router */,
				91326CA12A23BD47A3CFA8C0 /* Configurator */,
			);
			path = Education;
			sourceTree = "<group>";
		};
		3F66D04BA9A4778F7F31B393 /* View */ = {
			isa = PBXGroup;
			children = (
				A668E44C5CE6921F7CED73FC /* InitialViewInput.swift */,
				81CFE66D241F674DCE43FDC2 /* InitialViewOutput.swift */,
				AC47D6CAB3630FA4865B93DC /* InitialViewController.swift */,
				786DA503252FCEF8002B688F /* InitialPageContentViewController.swift */,
			);
			path = View;
			sourceTree = "<group>";
		};
		41FF76D9CCC1CDD6DB739E03 /* Interactor */ = {
			isa = PBXGroup;
			children = (
				E124386070489F1C64E6A793 /* InitialInteractorInput.swift */,
				66790BCDED80A279D57A5136 /* InitialInteractorOutput.swift */,
				E3E5F0F6F8A0678E28589CE7 /* InitialInteractor.swift */,
			);
			path = Interactor;
			sourceTree = "<group>";
		};
		4901786CE2D865EEE344F5A8 /* View */ = {
			isa = PBXGroup;
			children = (
				780CACD625254B1F00B77AC1 /* Graph */,
				780CACD125253D2600B77AC1 /* Header */,
				97882A3436119DEE22AA51E7 /* CountryDetailViewInput.swift */,
				2504FD0D609A79E007A41958 /* CountryDetailViewOutput.swift */,
				7AC7E2D3964DFA55E2B9A95B /* CountryDetailViewController.swift */,
			);
			path = View;
			sourceTree = "<group>";
		};
		503728AFA464CF445283814C /* Configurator */ = {
			isa = PBXGroup;
			children = (
				0F442151A650C2D5F02A9789 /* NewsConfigurator.swift */,
				78B13371252CBC0F008E2883 /* NewsConfiguratorProtocol.swift */,
			);
			path = Configurator;
			sourceTree = "<group>";
		};
		5B261DB67A15A7C7C19B1D9D /* Router */ = {
			isa = PBXGroup;
			children = (
				6E59F9EFDF0239376F94923C /* EducationRouterInput.swift */,
				C7A75D1159C7E723BF3DB472 /* EducationRouter.swift */,
			);
			path = Router;
			sourceTree = "<group>";
		};
		65E6D0B847134A4AE9A873F1 /* View */ = {
			isa = PBXGroup;
			children = (
				78B13374252CC383008E2883 /* TableViewCell */,
				0A308BFC82B64D8EAD26F25A /* NewsViewInput.swift */,
				0C5A1C5C4116DA9E7F466AC0 /* NewsViewOutput.swift */,
				ABE2A436278FE2AE06CC8667 /* NewsViewController.swift */,
			);
			path = View;
			sourceTree = "<group>";
		};
		685DEA22A0A6F4BD3F921694 /* Interactor */ = {
			isa = PBXGroup;
			children = (
				FFE95D5E8EFD0DD014771088 /* NewsInteractorInput.swift */,
				821106C3DE0405B0D957B942 /* NewsInteractorOutput.swift */,
				510EEEAACD0DF9AF377F16D2 /* NewsInteractor.swift */,
			);
			path = Interactor;
			sourceTree = "<group>";
		};
		780CACD125253D2600B77AC1 /* Header */ = {
			isa = PBXGroup;
			children = (
				780CACCE25253CE900B77AC1 /* CountryDetailHeaderView.swift */,
				780CACD225253D4400B77AC1 /* CountryDetailHeaderViewPreview.swift */,
			);
			path = Header;
			sourceTree = "<group>";
		};
		780CACD625254B1F00B77AC1 /* Graph */ = {
			isa = PBXGroup;
			children = (
				780CACD725254CDB00B77AC1 /* CountryDetailGraphView.swift */,
				780CACDB25254D2400B77AC1 /* CountryDetailGraphViewPreview.swift */,
			);
			path = Graph;
			sourceTree = "<group>";
		};
		7819C8D62534A148002C7AAC /* Segments */ = {
			isa = PBXGroup;
			children = (
				78D392872537CC35003A478C /* Diagnosis */,
				78D392812537CB6D003A478C /* Symptoms */,
				7819C8E925369A2B002C7AAC /* Prevention */,
				78D3926E2537A2E2003A478C /* EducationSegments.swift */,
			);
			path = Segments;
			sourceTree = "<group>";
		};
		7819C8E925369A2B002C7AAC /* Prevention */ = {
			isa = PBXGroup;
			children = (
				7819C8DB2534A175002C7AAC /* EducationSegmentPreventionViewPreview.swift */,
				7819C8D72534A16A002C7AAC /* EducationSegmentPreventionView.swift */,
				7819C8EB25369A75002C7AAC /* EducationSegmentPreventionViewTab.swift */,
			);
			path = Prevention;
			sourceTree = "<group>";
		};
		7819C8EE25375237002C7AAC /* ViewModels */ = {
			isa = PBXGroup;
			children = (
				7819C8EF25375249002C7AAC /* EducationSegmentPreventionViewTabViewModel.swift */,
				78253DC42539161C00889F74 /* EducationSegmentSymptomsViewTabViewModel.swift */,
			);
			path = ViewModels;
			sourceTree = "<group>";
		};
		781CC7CA252E6666007E30A5 /* Header */ = {
			isa = PBXGroup;
			children = (
				781CC7CB252E66BF007E30A5 /* EducationHeaderView.swift */,
				781CC7CF252E670D007E30A5 /* EducationHeaderViewPreview.swift */,
			);
			path = Header;
			sourceTree = "<group>";
		};
		78516E6F251A5F6100FBDBDE /* Common */ = {
			isa = PBXGroup;
			children = (
				78516E70251A5F6E00FBDBDE /* Trending.swift */,
			);
			path = Common;
			sourceTree = "<group>";
		};
		786DA506252FDC3C002B688F /* ViewModel */ = {
			isa = PBXGroup;
			children = (
				786DA507252FDC50002B688F /* InitialPageContentViewModel.swift */,
			);
			path = ViewModel;
			sourceTree = "<group>";
		};
		78B13374252CC383008E2883 /* TableViewCell */ = {
			isa = PBXGroup;
			children = (
				78B13375252CC3A6008E2883 /* NewsTableViewCell.swift */,
				78B13378252CC3D8008E2883 /* NewsTableViewCellPreview.swift */,
			);
			path = TableViewCell;
			sourceTree = "<group>";
		};
		78B8BC152522787D00E8210F /* TableViewHeader */ = {
			isa = PBXGroup;
			children = (
				78B8BC122522765F00E8210F /* CountryListTableViewHeader.swift */,
			);
			path = TableViewHeader;
			sourceTree = "<group>";
		};
		78D1BA5B251B9F4F000A21C8 /* CollectionViewCell */ = {
			isa = PBXGroup;
			children = (
				78F47050251A1E670008637C /* GlobalSummaryCollectionViewCell.swift */,
				78D1BA66251CCEAC000A21C8 /* GlobalSummaryCollectionViewCellType.swift */,
				78B8BC302523ADAC00E8210F /* GlobalSummaryCollectionViewCellPreview.swift */,
			);
			path = CollectionViewCell;
			sourceTree = "<group>";
		};
		78D1BA7A251D0AE1000A21C8 /* Modules */ = {
			isa = PBXGroup;
			children = (
				78F47034251A1C600008637C /* GlobalSummary */,
				78F46FF92518D8350008637C /* Home */,
				C278F2E6FA46EA2F7E6462DD /* CountryList */,
				1EA4059D0928293C714B45A3 /* CountryDetail */,
				A07F0313764BEAC63D969FBE /* News */,
				3C797FFC637042FABB753763 /* Education */,
				F8ABBE8EFCCDA3B2894D6F1F /* Initial */,
			);
			path = Modules;
			sourceTree = "<group>";
		};
		78D1BA82251D2B0C000A21C8 /* TableViewCell */ = {
			isa = PBXGroup;
			children = (
				78D1BA88251D2EAE000A21C8 /* CountryListTableViewCell.swift */,
				78B8BC2C25237DE200E8210F /* CountryListTableViewCellPreview.swift */,
			);
			path = TableViewCell;
			sourceTree = "<group>";
		};
		78D392812537CB6D003A478C /* Symptoms */ = {
			isa = PBXGroup;
			children = (
				7819C8E12536591B002C7AAC /* EducationSegmentSymptomsView.swift */,
				7819C8E42536592E002C7AAC /* EducationSegmentSymptomsViewPreview.swift */,
				78253DC1253911C400889F74 /* EducationSegmentSymptomsViewTab.swift */,
				78253DCB25392AF500889F74 /* EducationLegendTabStackView.swift */,
			);
			path = Symptoms;
			sourceTree = "<group>";
		};
		78D392872537CC35003A478C /* Diagnosis */ = {
			isa = PBXGroup;
			children = (
				78D392882537CC60003A478C /* EducationSegmentDiagnosisView.swift */,
			);
			path = Diagnosis;
			sourceTree = "<group>";
		};
		78F1691F25268FC400D77BFE /* ViewModel */ = {
			isa = PBXGroup;
			children = (
				78B8BC1C2523621500E8210F /* CountryListTableViewCellViewModel.swift */,
			);
			path = ViewModel;
			sourceTree = "<group>";
		};
		78F1692025268FE000D77BFE /* ViewModel */ = {
			isa = PBXGroup;
			children = (
				78F169592527C84300D77BFE /* GlobalSummaryRecoveryGraphViewModel.swift */,
				78D1BA6A251CCEC5000A21C8 /* GlobalSummaryGraphViewModel.swift */,
				78D1BA5C251B9F8B000A21C8 /* GlobalSummaryCollectionViewCellViewModel.swift */,
			);
			path = ViewModel;
			sourceTree = "<group>";
		};
		78F169222526902400D77BFE /* ViewModel */ = {
			isa = PBXGroup;
			children = (
				78F169232526904B00D77BFE /* CountryDetailHeaderViewModel.swift */,
				78B1335B252B6034008E2883 /* CountryDetailGraphViewModel.swift */,
			);
			path = ViewModel;
			sourceTree = "<group>";
		};
		78F1694B2527644A00D77BFE /* RecoveryGraph */ = {
			isa = PBXGroup;
			children = (
				78F1694C2527647300D77BFE /* GlobalSummaryRecoveryGraph.swift */,
				78F169502527648D00D77BFE /* GlobalSummaryRecoveryGraphPreview.swift */,
				78F169532527869C00D77BFE /* GlobalSummaryRecoveryGraphLegend.swift */,
				78F16956252786C700D77BFE /* GlobalSummaryRecoveryGraphLegendPreview.swift */,
			);
			path = RecoveryGraph;
			sourceTree = "<group>";
		};
		78F46FD92518D39E0008637C = {
			isa = PBXGroup;
			children = (
				78F46FE42518D39E0008637C /* COVStats */,
				78F46FE32518D39E0008637C /* Products */,
				C9146D60D5D654EC9A90E9C9 /* Pods */,
				8D3AADFD1BE88DB0C0EF5A3B /* Frameworks */,
			);
			sourceTree = "<group>";
		};
		78F46FE32518D39E0008637C /* Products */ = {
			isa = PBXGroup;
			children = (
				78F46FE22518D39E0008637C /* COVStats.app */,
			);
			name = Products;
			sourceTree = "<group>";
		};
		78F46FE42518D39E0008637C /* COVStats */ = {
			isa = PBXGroup;
			children = (
				78D1BA7A251D0AE1000A21C8 /* Modules */,
				78516E6F251A5F6100FBDBDE /* Common */,
				78F47055251A469C0008637C /* Extensions */,
				78F4701925190DB50008637C /* Services */,
				78F47016251901A80008637C /* Model */,
				78F47052251A2F1E0008637C /* Resources */,
				78F46FE52518D39E0008637C /* AppDelegate.swift */,
				78F1691B252680FC00D77BFE /* AppCoordinator.swift */,
				78F46FE72518D39E0008637C /* SceneDelegate.swift */,
				78F46FF02518D39E0008637C /* LaunchScreen.storyboard */,
			);
			path = COVStats;
			sourceTree = "<group>";
		};
		78F46FF92518D8350008637C /* Home */ = {
			isa = PBXGroup;
			children = (
				78F470002518E5830008637C /* View */,
				78F470012518E58B0008637C /* Presenter */,
				78F470022518E5940008637C /* Interactor */,
				78F4700D2518E7F30008637C /* Router */,
				78F470112518E8A60008637C /* Configurator */,
			);
			path = Home;
			sourceTree = "<group>";
		};
		78F470002518E5830008637C /* View */ = {
			isa = PBXGroup;
			children = (
				78F46FFA2518E0170008637C /* HomeViewController.swift */,
				78F470032518E5BC0008637C /* HomeViewInput.swift */,
				78F470052518E5D20008637C /* HomeViewOutput.swift */,
			);
			path = View;
			sourceTree = "<group>";
		};
		78F470012518E58B0008637C /* Presenter */ = {
			isa = PBXGroup;
			children = (
				78F46FFC2518E19E0008637C /* HomePresenter.swift */,
			);
			path = Presenter;
			sourceTree = "<group>";
		};
		78F470022518E5940008637C /* Interactor */ = {
			isa = PBXGroup;
			children = (
				78F46FFE2518E55A0008637C /* HomeInteractor.swift */,
				78F470092518E61C0008637C /* HomeInteractorOutput.swift */,
				78F470072518E6120008637C /* HomeInteractorInput.swift */,
			);
			path = Interactor;
			sourceTree = "<group>";
		};
		78F4700D2518E7F30008637C /* Router */ = {
			isa = PBXGroup;
			children = (
				78F4700B2518E7F00008637C /* HomeRouter.swift */,
				78F4700F2518E8090008637C /* HomeRouterInput.swift */,
			);
			path = Router;
			sourceTree = "<group>";
		};
		78F470112518E8A60008637C /* Configurator */ = {
			isa = PBXGroup;
			children = (
				78F470122518E8E70008637C /* HomeConfigurator.swift */,
				78F470142518E9F20008637C /* HomeConfiguratorProtocol.swift */,
			);
			path = Configurator;
			sourceTree = "<group>";
		};
		78F47016251901A80008637C /* Model */ = {
			isa = PBXGroup;
			children = (
				78FC579C252E207900D872ED /* News */,
				78F470172519092D0008637C /* GlobalSummaryCovidCases.swift */,
				78D1BA60251BE56C000A21C8 /* GlobalSummaryHistorical.swift */,
				78B8BC17252292A700E8210F /* СountrySummary.swift */,
				78B1335E252B630D008E2883 /* CountryHistorical.swift */,
			);
			path = Model;
			sourceTree = "<group>";
		};
		78F4701925190DB50008637C /* Services */ = {
			isa = PBXGroup;
			children = (
				78F4701A25190DEE0008637C /* NetworkService.swift */,
				78F4701C251943C10008637C /* StatisticsService.swift */,
				78FC5799252E1DE500D872ED /* NewsService.swift */,
			);
			path = Services;
			sourceTree = "<group>";
		};
		78F47034251A1C600008637C /* GlobalSummary */ = {
			isa = PBXGroup;
			children = (
				78F1692025268FE000D77BFE /* ViewModel */,
				78F47035251A1C600008637C /* Presenter */,
				78F47037251A1C600008637C /* View */,
				78F4703B251A1C600008637C /* Configurator */,
				78F4703E251A1C600008637C /* Interactor */,
				78F47042251A1C600008637C /* Router */,
			);
			path = GlobalSummary;
			sourceTree = "<group>";
		};
		78F47035251A1C600008637C /* Presenter */ = {
			isa = PBXGroup;
			children = (
				78F47036251A1C600008637C /* GlobalSummaryPresenter.swift */,
			);
			path = Presenter;
			sourceTree = "<group>";
		};
		78F47037251A1C600008637C /* View */ = {
			isa = PBXGroup;
			children = (
				78F1694B2527644A00D77BFE /* RecoveryGraph */,
				78D1BA5B251B9F4F000A21C8 /* CollectionViewCell */,
				78F47038251A1C600008637C /* GlobalSummaryViewInput.swift */,
				78F4703A251A1C600008637C /* GlobalSummaryViewOutput.swift */,
				78F47039251A1C600008637C /* GlobalSummaryViewController.swift */,
			);
			path = View;
			sourceTree = "<group>";
		};
		78F4703B251A1C600008637C /* Configurator */ = {
			isa = PBXGroup;
			children = (
				78F4703C251A1C600008637C /* GlobalSummaryConfiguratorProtocol.swift */,
				78F4703D251A1C600008637C /* GlobalSummaryConfigurator.swift */,
			);
			path = Configurator;
			sourceTree = "<group>";
		};
		78F4703E251A1C600008637C /* Interactor */ = {
			isa = PBXGroup;
			children = (
				78F4703F251A1C600008637C /* GlobalSummaryInteractorInput.swift */,
				78F47040251A1C600008637C /* GlobalSummaryInteractorOutput.swift */,
				78F47041251A1C600008637C /* GlobalSummaryInteractor.swift */,
			);
			path = Interactor;
			sourceTree = "<group>";
		};
		78F47042251A1C600008637C /* Router */ = {
			isa = PBXGroup;
			children = (
				78F47043251A1C600008637C /* GlobalSummaryRouter.swift */,
				78F47044251A1C600008637C /* GlobalSummaryRouterInput.swift */,
			);
			path = Router;
			sourceTree = "<group>";
		};
		78F47052251A2F1E0008637C /* Resources */ = {
			isa = PBXGroup;
			children = (
				78F47054251A2FFC0008637C /* Images */,
				78F47053251A2F410008637C /* Plists */,
			);
			path = Resources;
			sourceTree = "<group>";
		};
		78F47053251A2F410008637C /* Plists */ = {
			isa = PBXGroup;
			children = (
				78F46FF32518D39E0008637C /* Info.plist */,
			);
			path = Plists;
			sourceTree = "<group>";
		};
		78F47054251A2FFC0008637C /* Images */ = {
			isa = PBXGroup;
			children = (
				78F46FEE2518D39E0008637C /* Assets.xcassets */,
			);
			path = Images;
			sourceTree = "<group>";
		};
		78F47055251A469C0008637C /* Extensions */ = {
			isa = PBXGroup;
			children = (
				78F47056251A46B00008637C /* UIColor+Hex.swift */,
				78516E79251A935800FBDBDE /* UIVIewController+Preview.swift */,
				781019CB2523EB3C00462CFC /* Int+Formatter.swift */,
				78F169272526909E00D77BFE /* UIImageView + URL.swift */,
				78253DD2253BA2EE00889F74 /* Charts+DaysCount.swift */,
			);
			path = Extensions;
			sourceTree = "<group>";
		};
		78FC579C252E207900D872ED /* News */ = {
			isa = PBXGroup;
			children = (
				78FC579D252E209200D872ED /* News.swift */,
			);
			path = News;
			sourceTree = "<group>";
		};
		78FC57A1252E290D00D872ED /* ViewModel */ = {
			isa = PBXGroup;
			children = (
				78FC57A2252E291A00D872ED /* NewsTableViewCellViewModel.swift */,
			);
			path = ViewModel;
			sourceTree = "<group>";
		};
		83FD41EEDE28B921537CF1E1 /* Interactor */ = {
			isa = PBXGroup;
			children = (
				C645B465657C6CF4752C07E5 /* EducationInteractorInput.swift */,
				835D836CB4802312E8C4E34A /* EducationInteractorOutput.swift */,
				9DA35C98849DDB5B559607AC /* EducationInteractor.swift */,
			);
			path = Interactor;
			sourceTree = "<group>";
		};
		843AFE226D7EB479ADC2F671 /* Router */ = {
			isa = PBXGroup;
			children = (
				3F49740B032D3F3C3B34AA37 /* CountryDetailRouterInput.swift */,
				F7825DCF474C61B1E809296F /* CountryDetailRouter.swift */,
			);
			path = Router;
			sourceTree = "<group>";
		};
		85BAA29ADFD70B3B615C7583 /* View */ = {
			isa = PBXGroup;
			children = (
				7819C8EE25375237002C7AAC /* ViewModels */,
				7819C8D62534A148002C7AAC /* Segments */,
				781CC7CA252E6666007E30A5 /* Header */,
				656215BA6C38543E6A3BF632 /* EducationViewInput.swift */,
				78D3927B2537BD25003A478C /* EducationSegmentsContainerView.swift */,
				173932C72E6FE32CA36C3374 /* EducationViewOutput.swift */,
				10147C5E4F1CB09746FEA6EB /* EducationViewController.swift */,
			);
			path = View;
			sourceTree = "<group>";
		};
		8621A7C31DE911EBE4CE4132 /* Presenter */ = {
			isa = PBXGroup;
			children = (
				52560C1286FC687C1D5289AF /* EducationModuleInput.swift */,
				B67ACE1E50E522D40A0964C3 /* EducationPresenter.swift */,
			);
			path = Presenter;
			sourceTree = "<group>";
		};
		88CA82455CF274F593CCAC67 /* Presenter */ = {
			isa = PBXGroup;
			children = (
				CE4474A91B25393609C92B35 /* CountryListPresenter.swift */,
			);
			path = Presenter;
			sourceTree = "<group>";
		};
		89F7C51549F4CBA9E6C34965 /* Router */ = {
			isa = PBXGroup;
			children = (
				C32B77FDF0788C8FDC275C5C /* InitialRouterInput.swift */,
				8A374EAB9680F1ED620AC8D5 /* InitialRouter.swift */,
			);
			path = Router;
			sourceTree = "<group>";
		};
		8D3AADFD1BE88DB0C0EF5A3B /* Frameworks */ = {
			isa = PBXGroup;
			children = (
				9D2A6164830B54906DFC83E9 /* Pods_COVStats.framework */,
			);
			name = Frameworks;
			sourceTree = "<group>";
		};
		8D8C1C9560AC49A7F1E7708E /* Interactor */ = {
			isa = PBXGroup;
			children = (
				05F7CC75D8885BDCE7BFE53D /* CountryDetailInteractorInput.swift */,
				89EEB026D199094EDF69C199 /* CountryDetailInteractorOutput.swift */,
				EBBA7D055A22925B6F987A78 /* CountryDetailInteractor.swift */,
			);
			path = Interactor;
			sourceTree = "<group>";
		};
		8D901D07B65E9838D1218456 /* Router */ = {
			isa = PBXGroup;
			children = (
				2C20D9E27974F6A693BBE0DE /* NewsRouterInput.swift */,
				7E45D175B6ED577E63CFB3AE /* NewsRouter.swift */,
			);
			path = Router;
			sourceTree = "<group>";
		};
		91326CA12A23BD47A3CFA8C0 /* Configurator */ = {
			isa = PBXGroup;
			children = (
				A85D7C8F092CB2E1B77B2F95 /* EducationConfigurator.swift */,
				781CC7C7252E6359007E30A5 /* EducationConfiguratorProtocol.swift */,
			);
			path = Configurator;
			sourceTree = "<group>";
		};
		97407A8B775DCC2E660D1638 /* Configurator */ = {
			isa = PBXGroup;
			children = (
				3DA05410FD2F85EDD20B0572 /* InitialConfigurator.swift */,
				786DA4FC252FC93F002B688F /* InitialConfiguratorProtocol.swift */,
			);
			path = Configurator;
			sourceTree = "<group>";
		};
		9DB7743D89CC7DB335E9399A /* Presenter */ = {
			isa = PBXGroup;
			children = (
				7F1F79691E1DA571B8BE78D4 /* NewsModuleInput.swift */,
				400B2D83E2596AF4E8FDB089 /* NewsPresenter.swift */,
			);
			path = Presenter;
			sourceTree = "<group>";
		};
		A07F0313764BEAC63D969FBE /* News */ = {
			isa = PBXGroup;
			children = (
				78FC57A1252E290D00D872ED /* ViewModel */,
				65E6D0B847134A4AE9A873F1 /* View */,
				9DB7743D89CC7DB335E9399A /* Presenter */,
				685DEA22A0A6F4BD3F921694 /* Interactor */,
				8D901D07B65E9838D1218456 /* Router */,
				503728AFA464CF445283814C /* Configurator */,
			);
			path = News;
			sourceTree = "<group>";
		};
		B8CF9C3E69F83E5E90A7B596 /* Presenter */ = {
			isa = PBXGroup;
			children = (
				BF393CE4038DD126A6AB7BCD /* InitialPresenter.swift */,
			);
			path = Presenter;
			sourceTree = "<group>";
		};
		C278F2E6FA46EA2F7E6462DD /* CountryList */ = {
			isa = PBXGroup;
			children = (
				78F1691F25268FC400D77BFE /* ViewModel */,
				20E89E761AAE94B93754C70E /* View */,
				88CA82455CF274F593CCAC67 /* Presenter */,
				D64D2318EEFBCD65E686B46D /* Interactor */,
				E9A265E89DB516FE357304E0 /* Router */,
				35DAA1B9D6AE60147588E657 /* Configurator */,
			);
			path = CountryList;
			sourceTree = "<group>";
		};
		C9146D60D5D654EC9A90E9C9 /* Pods */ = {
			isa = PBXGroup;
			children = (
				E6743936026E95E4B1F99C13 /* Pods-COVStats.debug.xcconfig */,
				D7B5ADE79A4AC9CC6A577DCC /* Pods-COVStats.release.xcconfig */,
			);
			path = Pods;
			sourceTree = "<group>";
		};
		D64D2318EEFBCD65E686B46D /* Interactor */ = {
			isa = PBXGroup;
			children = (
				AC5300C7E644A10C68B3D819 /* CountryListInteractorInput.swift */,
				B6AFB45A3FBD25ED4582C8B8 /* CountryListInteractorOutput.swift */,
				3A8CCC2796EE55F602A66C92 /* CountryListInteractor.swift */,
			);
			path = Interactor;
			sourceTree = "<group>";
		};
		E06E543309A157968AC7FF63 /* Configurator */ = {
			isa = PBXGroup;
			children = (
				8C02A8B28BA28AA218FAF502 /* CountryDetailConfigurator.swift */,
				780CACC42524BF2B00B77AC1 /* CountryDetailConfiguratorProtocol.swift */,
			);
			path = Configurator;
			sourceTree = "<group>";
		};
		E9A265E89DB516FE357304E0 /* Router */ = {
			isa = PBXGroup;
			children = (
				51EE422A5FD0737FFFAA4ECA /* CountryListRouterInput.swift */,
				9D9BCB792327FBC601E4F8BB /* CountryListRouter.swift */,
			);
			path = Router;
			sourceTree = "<group>";
		};
		F8ABBE8EFCCDA3B2894D6F1F /* Initial */ = {
			isa = PBXGroup;
			children = (
				786DA506252FDC3C002B688F /* ViewModel */,
				3F66D04BA9A4778F7F31B393 /* View */,
				B8CF9C3E69F83E5E90A7B596 /* Presenter */,
				41FF76D9CCC1CDD6DB739E03 /* Interactor */,
				89F7C51549F4CBA9E6C34965 /* Router */,
				97407A8B775DCC2E660D1638 /* Configurator */,
			);
			path = Initial;
			sourceTree = "<group>";
		};
/* End PBXGroup section */

/* Begin PBXNativeTarget section */
		78F46FE12518D39E0008637C /* COVStats */ = {
			isa = PBXNativeTarget;
			buildConfigurationList = 78F46FF62518D39E0008637C /* Build configuration list for PBXNativeTarget "COVStats" */;
			buildPhases = (
				BA76368F4811F2C8652CD830 /* [CP] Check Pods Manifest.lock */,
				78F46FDE2518D39E0008637C /* Sources */,
				78F46FDF2518D39E0008637C /* Frameworks */,
				78F46FE02518D39E0008637C /* Resources */,
				00EBCD76DBE7FF4F7FF8F08E /* [CP] Embed Pods Frameworks */,
			);
			buildRules = (
			);
			dependencies = (
			);
			name = COVStats;
			productName = COVStats;
			productReference = 78F46FE22518D39E0008637C /* COVStats.app */;
			productType = "com.apple.product-type.application";
		};
/* End PBXNativeTarget section */

/* Begin PBXProject section */
		78F46FDA2518D39E0008637C /* Project object */ = {
			isa = PBXProject;
			attributes = {
				LastSwiftUpdateCheck = 1170;
				LastUpgradeCheck = 1200;
				ORGANIZATIONNAME = "Igor Podolskiy";
				TargetAttributes = {
					78F46FE12518D39E0008637C = {
						CreatedOnToolsVersion = 11.7;
					};
				};
			};
			buildConfigurationList = 78F46FDD2518D39E0008637C /* Build configuration list for PBXProject "COVStats" */;
			compatibilityVersion = "Xcode 9.3";
			developmentRegion = en;
			hasScannedForEncodings = 0;
			knownRegions = (
				en,
				Base,
			);
			mainGroup = 78F46FD92518D39E0008637C;
			productRefGroup = 78F46FE32518D39E0008637C /* Products */;
			projectDirPath = "";
			projectRoot = "";
			targets = (
				78F46FE12518D39E0008637C /* COVStats */,
			);
		};
/* End PBXProject section */

/* Begin PBXResourcesBuildPhase section */
		78F46FE02518D39E0008637C /* Resources */ = {
			isa = PBXResourcesBuildPhase;
			buildActionMask = 2147483647;
			files = (
				78F46FF22518D39E0008637C /* LaunchScreen.storyboard in Resources */,
				78F46FEF2518D39E0008637C /* Assets.xcassets in Resources */,
			);
			runOnlyForDeploymentPostprocessing = 0;
		};
/* End PBXResourcesBuildPhase section */

/* Begin PBXShellScriptBuildPhase section */
		00EBCD76DBE7FF4F7FF8F08E /* [CP] Embed Pods Frameworks */ = {
			isa = PBXShellScriptBuildPhase;
			buildActionMask = 2147483647;
			files = (
			);
			inputFileListPaths = (
				"${PODS_ROOT}/Target Support Files/Pods-COVStats/Pods-COVStats-frameworks-${CONFIGURATION}-input-files.xcfilelist",
			);
			name = "[CP] Embed Pods Frameworks";
			outputFileListPaths = (
				"${PODS_ROOT}/Target Support Files/Pods-COVStats/Pods-COVStats-frameworks-${CONFIGURATION}-output-files.xcfilelist",
			);
			runOnlyForDeploymentPostprocessing = 0;
			shellPath = /bin/sh;
			shellScript = "\"${PODS_ROOT}/Target Support Files/Pods-COVStats/Pods-COVStats-frameworks.sh\"\n";
			showEnvVarsInLog = 0;
		};
		BA76368F4811F2C8652CD830 /* [CP] Check Pods Manifest.lock */ = {
			isa = PBXShellScriptBuildPhase;
			buildActionMask = 2147483647;
			files = (
			);
			inputFileListPaths = (
			);
			inputPaths = (
				"${PODS_PODFILE_DIR_PATH}/Podfile.lock",
				"${PODS_ROOT}/Manifest.lock",
			);
			name = "[CP] Check Pods Manifest.lock";
			outputFileListPaths = (
			);
			outputPaths = (
				"$(DERIVED_FILE_DIR)/Pods-COVStats-checkManifestLockResult.txt",
			);
			runOnlyForDeploymentPostprocessing = 0;
			shellPath = /bin/sh;
			shellScript = "diff \"${PODS_PODFILE_DIR_PATH}/Podfile.lock\" \"${PODS_ROOT}/Manifest.lock\" > /dev/null\nif [ $? != 0 ] ; then\n    # print error to STDERR\n    echo \"error: The sandbox is not in sync with the Podfile.lock. Run 'pod install' or update your CocoaPods installation.\" >&2\n    exit 1\nfi\n# This output is used by Xcode 'outputs' to avoid re-running this script phase.\necho \"SUCCESS\" > \"${SCRIPT_OUTPUT_FILE_0}\"\n";
			showEnvVarsInLog = 0;
		};
/* End PBXShellScriptBuildPhase section */

/* Begin PBXSourcesBuildPhase section */
		78F46FDE2518D39E0008637C /* Sources */ = {
			isa = PBXSourcesBuildPhase;
			buildActionMask = 2147483647;
			files = (
				78253DCC25392AF500889F74 /* EducationLegendTabStackView.swift in Sources */,
				78F470082518E6120008637C /* HomeInteractorInput.swift in Sources */,
				786DA504252FCEF8002B688F /* InitialPageContentViewController.swift in Sources */,
				78F4704C251A1C600008637C /* GlobalSummaryInteractorOutput.swift in Sources */,
				78B8BC18252292A700E8210F /* СountrySummary.swift in Sources */,
				780CACD825254CDB00B77AC1 /* CountryDetailGraphView.swift in Sources */,
				78516E71251A5F6E00FBDBDE /* Trending.swift in Sources */,
				78F470152518E9F20008637C /* HomeConfiguratorProtocol.swift in Sources */,
				78F46FE62518D39E0008637C /* AppDelegate.swift in Sources */,
				78F47048251A1C600008637C /* GlobalSummaryViewOutput.swift in Sources */,
				78F169512527648D00D77BFE /* GlobalSummaryRecoveryGraphPreview.swift in Sources */,
				78F46FFB2518E0170008637C /* HomeViewController.swift in Sources */,
				78F470042518E5BC0008637C /* HomeViewInput.swift in Sources */,
				78F46FE82518D39E0008637C /* SceneDelegate.swift in Sources */,
				78F47047251A1C600008637C /* GlobalSummaryViewController.swift in Sources */,
				78F16957252786C700D77BFE /* GlobalSummaryRecoveryGraphLegendPreview.swift in Sources */,
				78F4704F251A1C600008637C /* GlobalSummaryRouterInput.swift in Sources */,
				78F4704D251A1C600008637C /* GlobalSummaryInteractor.swift in Sources */,
				78B8BC2D25237DE200E8210F /* CountryListTableViewCellPreview.swift in Sources */,
				78516E7A251A935800FBDBDE /* UIVIewController+Preview.swift in Sources */,
				78D3927C2537BD25003A478C /* EducationSegmentsContainerView.swift in Sources */,
				7819C8D82534A16A002C7AAC /* EducationSegmentPreventionView.swift in Sources */,
				78D392892537CC60003A478C /* EducationSegmentDiagnosisView.swift in Sources */,
				78B8BC312523ADAC00E8210F /* GlobalSummaryCollectionViewCellPreview.swift in Sources */,
				78B1335C252B6034008E2883 /* CountryDetailGraphViewModel.swift in Sources */,
				78253DC2253911C400889F74 /* EducationSegmentSymptomsViewTab.swift in Sources */,
				78F4700A2518E61C0008637C /* HomeInteractorOutput.swift in Sources */,
				78F47046251A1C600008637C /* GlobalSummaryViewInput.swift in Sources */,
				78F4704B251A1C600008637C /* GlobalSummaryInteractorInput.swift in Sources */,
				78D1BA67251CCEAC000A21C8 /* GlobalSummaryCollectionViewCellType.swift in Sources */,
				78D1BA7F251D0BC8000A21C8 /* CountryListConfiguratorProtocol.swift in Sources */,
				78F47051251A1E670008637C /* GlobalSummaryCollectionViewCell.swift in Sources */,
				780CACD325253D4400B77AC1 /* CountryDetailHeaderViewPreview.swift in Sources */,
				78F46FFF2518E55A0008637C /* HomeInteractor.swift in Sources */,
				78F46FFD2518E19E0008637C /* HomePresenter.swift in Sources */,
				78253DD3253BA2EE00889F74 /* Charts+DaysCount.swift in Sources */,
				78D1BA89251D2EAE000A21C8 /* CountryListTableViewCell.swift in Sources */,
				78F47045251A1C600008637C /* GlobalSummaryPresenter.swift in Sources */,
				78F470182519092D0008637C /* GlobalSummaryCovidCases.swift in Sources */,
				780CACCF25253CE900B77AC1 /* CountryDetailHeaderView.swift in Sources */,
				78D1BA61251BE56C000A21C8 /* GlobalSummaryHistorical.swift in Sources */,
				78B1335F252B630D008E2883 /* CountryHistorical.swift in Sources */,
				78F4704A251A1C600008637C /* GlobalSummaryConfigurator.swift in Sources */,
				78F47049251A1C600008637C /* GlobalSummaryConfiguratorProtocol.swift in Sources */,
				78F4701B25190DEE0008637C /* NetworkService.swift in Sources */,
				78F1694D2527647300D77BFE /* GlobalSummaryRecoveryGraph.swift in Sources */,
				7819C8DC2534A175002C7AAC /* EducationSegmentPreventionViewPreview.swift in Sources */,
				78D1BA6B251CCEC5000A21C8 /* GlobalSummaryGraphViewModel.swift in Sources */,
				78F4704E251A1C600008637C /* GlobalSummaryRouter.swift in Sources */,
				78B8BC132522765F00E8210F /* CountryListTableViewHeader.swift in Sources */,
				78F169242526904B00D77BFE /* CountryDetailHeaderViewModel.swift in Sources */,
				78F470062518E5D20008637C /* HomeViewOutput.swift in Sources */,
				78FC579A252E1DE500D872ED /* NewsService.swift in Sources */,
				78D3926F2537A2E2003A478C /* EducationSegments.swift in Sources */,
				781019CC2523EB3C00462CFC /* Int+Formatter.swift in Sources */,
				78FC57A3252E291A00D872ED /* NewsTableViewCellViewModel.swift in Sources */,
				786DA4FD252FC93F002B688F /* InitialConfiguratorProtocol.swift in Sources */,
				78F470132518E8E70008637C /* HomeConfigurator.swift in Sources */,
				78D1BA5D251B9F8B000A21C8 /* GlobalSummaryCollectionViewCellViewModel.swift in Sources */,
				78F47057251A46B00008637C /* UIColor+Hex.swift in Sources */,
				78F169282526909E00D77BFE /* UIImageView + URL.swift in Sources */,
				78F470102518E8090008637C /* HomeRouterInput.swift in Sources */,
				78B8BC1D2523621500E8210F /* CountryListTableViewCellViewModel.swift in Sources */,
				78F4701D251943C10008637C /* StatisticsService.swift in Sources */,
				78F4700C2518E7F00008637C /* HomeRouter.swift in Sources */,
				C51A08C819F11AA7FCBD20DC /* CountryListViewInput.swift in Sources */,
				78B13376252CC3A6008E2883 /* NewsTableViewCell.swift in Sources */,
				6C05557EA5E487F254854DE4 /* CountryListViewOutput.swift in Sources */,
				4155857672F4231250611E7B /* CountryListViewController.swift in Sources */,
				78F1695A2527C84300D77BFE /* GlobalSummaryRecoveryGraphViewModel.swift in Sources */,
				FE79015C51A5D5563E1DC5D5 /* CountryListPresenter.swift in Sources */,
				EC43D229AD8BD75DEABF3F6B /* CountryListInteractorInput.swift in Sources */,
				78253DC52539161C00889F74 /* EducationSegmentSymptomsViewTabViewModel.swift in Sources */,
				432886F27A3669521D9DDE3F /* CountryListInteractorOutput.swift in Sources */,
				9B5E14D6B10573950125CCF8 /* CountryListInteractor.swift in Sources */,
				7819C8E22536591B002C7AAC /* EducationSegmentSymptomsView.swift in Sources */,
				78FC579E252E209200D872ED /* News.swift in Sources */,
				B987AECC210604C010627EEC /* CountryListRouterInput.swift in Sources */,
				08035B7367042B28CF773C2F /* CountryListRouter.swift in Sources */,
				FB533B4C52E7CAC97895B8EB /* CountryListConfigurator.swift in Sources */,
				780CACC52524BF2B00B77AC1 /* CountryDetailConfiguratorProtocol.swift in Sources */,
				47927BBE950CE7D71D2DA754 /* CountryDetailViewInput.swift in Sources */,
				367A76942AB36CC77FA8BFB8 /* CountryDetailViewOutput.swift in Sources */,
				78B13379252CC3D9008E2883 /* NewsTableViewCellPreview.swift in Sources */,
				7819C8EC25369A75002C7AAC /* EducationSegmentPreventionViewTab.swift in Sources */,
				780CACDC25254D2400B77AC1 /* CountryDetailGraphViewPreview.swift in Sources */,
				944589AE71A01F13BB572878 /* CountryDetailViewController.swift in Sources */,
				773A1A9AA9189E8226B72E87 /* CountryDetailModuleInput.swift in Sources */,
				781CC7C8252E6359007E30A5 /* EducationConfiguratorProtocol.swift in Sources */,
				78F1691C252680FC00D77BFE /* AppCoordinator.swift in Sources */,
				78F169542527869C00D77BFE /* GlobalSummaryRecoveryGraphLegend.swift in Sources */,
				4739F61EA30E27F21E6B21B9 /* CountryDetailPresenter.swift in Sources */,
				0EE58AC14579E9EDF055E55E /* CountryDetailInteractorInput.swift in Sources */,
				781CC7CC252E66BF007E30A5 /* EducationHeaderView.swift in Sources */,
				60228DA65932FA1D5FB63E5F /* CountryDetailInteractorOutput.swift in Sources */,
				781CC7D0252E670D007E30A5 /* EducationHeaderViewPreview.swift in Sources */,
				A52F33A7922F73884A8F86C6 /* CountryDetailInteractor.swift in Sources */,
				7B525C5606BD1842CA05FB60 /* CountryDetailRouterInput.swift in Sources */,
				AB033E71EEFDF9B913D10A9A /* CountryDetailRouter.swift in Sources */,
				92F522CCB12FE79AAC2BDEE7 /* CountryDetailConfigurator.swift in Sources */,
				E25E94BCAF2D3761ACE78E8A /* NewsViewInput.swift in Sources */,
				16886C1366C96200726E756D /* NewsViewOutput.swift in Sources */,
				14A29933EB75EB7A21262977 /* NewsViewController.swift in Sources */,
				79CD0E8037D9FD490BAE965F /* NewsModuleInput.swift in Sources */,
				496549E65E7B46A64B905FE7 /* NewsPresenter.swift in Sources */,
				BE2BADEDE3BAD4BC1F7B1B0A /* NewsInteractorInput.swift in Sources */,
				8E83B1D7238D7A321D9AAB93 /* NewsInteractorOutput.swift in Sources */,
				0E141FC16E1D59D78376A905 /* NewsInteractor.swift in Sources */,
				96EB32C47AF9BBD880DEE44D /* NewsRouterInput.swift in Sources */,
				DC42EA5371831CE7B86400D6 /* NewsRouter.swift in Sources */,
				7819C8F025375249002C7AAC /* EducationSegmentPreventionViewTabViewModel.swift in Sources */,
				012CB5B3A2F791D6084F599C /* NewsConfigurator.swift in Sources */,
				78B13372252CBC0F008E2883 /* NewsConfiguratorProtocol.swift in Sources */,
				FE7C20736E59C2A1D88A4BF8 /* EducationViewInput.swift in Sources */,
				7F5B2004B6993727803A77A7 /* EducationViewOutput.swift in Sources */,
				7B441A292C808C3010E31CC8 /* EducationViewController.swift in Sources */,
				056D1672E41DA8E1D3F8BFEC /* EducationModuleInput.swift in Sources */,
				E641909DE4B427AC37BDBF2D /* EducationPresenter.swift in Sources */,
				79FC4D593585675345EEA7BE /* EducationInteractorInput.swift in Sources */,
				5942EFE46BA20C241BB80038 /* EducationInteractorOutput.swift in Sources */,
				E315A495C73A20779D6C66C6 /* EducationInteractor.swift in Sources */,
				430FABFA9CE885D3320B3F65 /* EducationRouterInput.swift in Sources */,
				BB4C531EDF684C0B41F54A93 /* EducationRouter.swift in Sources */,
				FBAD5949998B52FA8A597DD5 /* EducationConfigurator.swift in Sources */,
				5C94FC88C32CF5DC70E107F7 /* InitialViewInput.swift in Sources */,
				7819C8E52536592E002C7AAC /* EducationSegmentSymptomsViewPreview.swift in Sources */,
				514F2F8BC9982C6FCD0121A1 /* InitialViewOutput.swift in Sources */,
				AC3A66681A5725F753CF529B /* InitialViewController.swift in Sources */,
				96F4FBC8EB5C13AEEAC10865 /* InitialPresenter.swift in Sources */,
				D24EC8DB4149956E9EB659F3 /* InitialInteractorInput.swift in Sources */,
				6697622EF7BD5A9A03D9C01F /* InitialInteractorOutput.swift in Sources */,
				D4E4ECBC8B3BFA3B05082A71 /* InitialInteractor.swift in Sources */,
				86C88894FA958882F99E7CAE /* InitialRouterInput.swift in Sources */,
				6F836CEB77F47D722F8D741B /* InitialRouter.swift in Sources */,
				786DA508252FDC50002B688F /* InitialPageContentViewModel.swift in Sources */,
				72E7B888FDBA2454354D92D0 /* InitialConfigurator.swift in Sources */,
			);
			runOnlyForDeploymentPostprocessing = 0;
		};
/* End PBXSourcesBuildPhase section */

/* Begin PBXVariantGroup section */
		78F46FF02518D39E0008637C /* LaunchScreen.storyboard */ = {
			isa = PBXVariantGroup;
			children = (
				78F46FF12518D39E0008637C /* Base */,
			);
			name = LaunchScreen.storyboard;
			sourceTree = "<group>";
		};
/* End PBXVariantGroup section */

/* Begin XCBuildConfiguration section */
		78F46FF42518D39E0008637C /* Debug */ = {
			isa = XCBuildConfiguration;
			buildSettings = {
				ALWAYS_SEARCH_USER_PATHS = NO;
				CLANG_ANALYZER_NONNULL = YES;
				CLANG_ANALYZER_NUMBER_OBJECT_CONVERSION = YES_AGGRESSIVE;
				CLANG_CXX_LANGUAGE_STANDARD = "gnu++14";
				CLANG_CXX_LIBRARY = "libc++";
				CLANG_ENABLE_MODULES = YES;
				CLANG_ENABLE_OBJC_ARC = YES;
				CLANG_ENABLE_OBJC_WEAK = YES;
				CLANG_WARN_BLOCK_CAPTURE_AUTORELEASING = YES;
				CLANG_WARN_BOOL_CONVERSION = YES;
				CLANG_WARN_COMMA = YES;
				CLANG_WARN_CONSTANT_CONVERSION = YES;
				CLANG_WARN_DEPRECATED_OBJC_IMPLEMENTATIONS = YES;
				CLANG_WARN_DIRECT_OBJC_ISA_USAGE = YES_ERROR;
				CLANG_WARN_DOCUMENTATION_COMMENTS = YES;
				CLANG_WARN_EMPTY_BODY = YES;
				CLANG_WARN_ENUM_CONVERSION = YES;
				CLANG_WARN_INFINITE_RECURSION = YES;
				CLANG_WARN_INT_CONVERSION = YES;
				CLANG_WARN_NON_LITERAL_NULL_CONVERSION = YES;
				CLANG_WARN_OBJC_IMPLICIT_RETAIN_SELF = YES;
				CLANG_WARN_OBJC_LITERAL_CONVERSION = YES;
				CLANG_WARN_OBJC_ROOT_CLASS = YES_ERROR;
				CLANG_WARN_QUOTED_INCLUDE_IN_FRAMEWORK_HEADER = YES;
				CLANG_WARN_RANGE_LOOP_ANALYSIS = YES;
				CLANG_WARN_STRICT_PROTOTYPES = YES;
				CLANG_WARN_SUSPICIOUS_MOVE = YES;
				CLANG_WARN_UNGUARDED_AVAILABILITY = YES_AGGRESSIVE;
				CLANG_WARN_UNREACHABLE_CODE = YES;
				CLANG_WARN__DUPLICATE_METHOD_MATCH = YES;
				COPY_PHASE_STRIP = NO;
				DEBUG_INFORMATION_FORMAT = dwarf;
				ENABLE_STRICT_OBJC_MSGSEND = YES;
				ENABLE_TESTABILITY = YES;
				GCC_C_LANGUAGE_STANDARD = gnu11;
				GCC_DYNAMIC_NO_PIC = NO;
				GCC_NO_COMMON_BLOCKS = YES;
				GCC_OPTIMIZATION_LEVEL = 0;
				GCC_PREPROCESSOR_DEFINITIONS = (
					"DEBUG=1",
					"$(inherited)",
				);
				GCC_WARN_64_TO_32_BIT_CONVERSION = YES;
				GCC_WARN_ABOUT_RETURN_TYPE = YES_ERROR;
				GCC_WARN_UNDECLARED_SELECTOR = YES;
				GCC_WARN_UNINITIALIZED_AUTOS = YES_AGGRESSIVE;
				GCC_WARN_UNUSED_FUNCTION = YES;
				GCC_WARN_UNUSED_VARIABLE = YES;
				IPHONEOS_DEPLOYMENT_TARGET = 13.0;
				MTL_ENABLE_DEBUG_INFO = INCLUDE_SOURCE;
				MTL_FAST_MATH = YES;
				ONLY_ACTIVE_ARCH = YES;
				SDKROOT = iphoneos;
				SWIFT_ACTIVE_COMPILATION_CONDITIONS = DEBUG;
				SWIFT_OPTIMIZATION_LEVEL = "-Onone";
			};
			name = Debug;
		};
		78F46FF52518D39E0008637C /* Release */ = {
			isa = XCBuildConfiguration;
			buildSettings = {
				ALWAYS_SEARCH_USER_PATHS = NO;
				CLANG_ANALYZER_NONNULL = YES;
				CLANG_ANALYZER_NUMBER_OBJECT_CONVERSION = YES_AGGRESSIVE;
				CLANG_CXX_LANGUAGE_STANDARD = "gnu++14";
				CLANG_CXX_LIBRARY = "libc++";
				CLANG_ENABLE_MODULES = YES;
				CLANG_ENABLE_OBJC_ARC = YES;
				CLANG_ENABLE_OBJC_WEAK = YES;
				CLANG_WARN_BLOCK_CAPTURE_AUTORELEASING = YES;
				CLANG_WARN_BOOL_CONVERSION = YES;
				CLANG_WARN_COMMA = YES;
				CLANG_WARN_CONSTANT_CONVERSION = YES;
				CLANG_WARN_DEPRECATED_OBJC_IMPLEMENTATIONS = YES;
				CLANG_WARN_DIRECT_OBJC_ISA_USAGE = YES_ERROR;
				CLANG_WARN_DOCUMENTATION_COMMENTS = YES;
				CLANG_WARN_EMPTY_BODY = YES;
				CLANG_WARN_ENUM_CONVERSION = YES;
				CLANG_WARN_INFINITE_RECURSION = YES;
				CLANG_WARN_INT_CONVERSION = YES;
				CLANG_WARN_NON_LITERAL_NULL_CONVERSION = YES;
				CLANG_WARN_OBJC_IMPLICIT_RETAIN_SELF = YES;
				CLANG_WARN_OBJC_LITERAL_CONVERSION = YES;
				CLANG_WARN_OBJC_ROOT_CLASS = YES_ERROR;
				CLANG_WARN_QUOTED_INCLUDE_IN_FRAMEWORK_HEADER = YES;
				CLANG_WARN_RANGE_LOOP_ANALYSIS = YES;
				CLANG_WARN_STRICT_PROTOTYPES = YES;
				CLANG_WARN_SUSPICIOUS_MOVE = YES;
				CLANG_WARN_UNGUARDED_AVAILABILITY = YES_AGGRESSIVE;
				CLANG_WARN_UNREACHABLE_CODE = YES;
				CLANG_WARN__DUPLICATE_METHOD_MATCH = YES;
				COPY_PHASE_STRIP = NO;
				DEBUG_INFORMATION_FORMAT = "dwarf-with-dsym";
				ENABLE_NS_ASSERTIONS = NO;
				ENABLE_STRICT_OBJC_MSGSEND = YES;
				GCC_C_LANGUAGE_STANDARD = gnu11;
				GCC_NO_COMMON_BLOCKS = YES;
				GCC_WARN_64_TO_32_BIT_CONVERSION = YES;
				GCC_WARN_ABOUT_RETURN_TYPE = YES_ERROR;
				GCC_WARN_UNDECLARED_SELECTOR = YES;
				GCC_WARN_UNINITIALIZED_AUTOS = YES_AGGRESSIVE;
				GCC_WARN_UNUSED_FUNCTION = YES;
				GCC_WARN_UNUSED_VARIABLE = YES;
				IPHONEOS_DEPLOYMENT_TARGET = 13.0;
				MTL_ENABLE_DEBUG_INFO = NO;
				MTL_FAST_MATH = YES;
				SDKROOT = iphoneos;
				SWIFT_COMPILATION_MODE = wholemodule;
				SWIFT_OPTIMIZATION_LEVEL = "-O";
				VALIDATE_PRODUCT = YES;
			};
			name = Release;
		};
		78F46FF72518D39E0008637C /* Debug */ = {
			isa = XCBuildConfiguration;
			baseConfigurationReference = E6743936026E95E4B1F99C13 /* Pods-COVStats.debug.xcconfig */;
			buildSettings = {
				ASSETCATALOG_COMPILER_APPICON_NAME = AppIcon;
				CODE_SIGN_STYLE = Automatic;
				DEVELOPMENT_TEAM = DZ9WU6R332;
				INFOPLIST_FILE = COVStats/Resources/Plists/Info.plist;
				LD_RUNPATH_SEARCH_PATHS = (
					"$(inherited)",
					"@executable_path/Frameworks",
				);
				PRODUCT_BUNDLE_IDENTIFIER = ru.IgorPodolskiy.COVStats;
				PRODUCT_NAME = "$(TARGET_NAME)";
				SWIFT_VERSION = 5.0;
				TARGETED_DEVICE_FAMILY = 1;
			};
			name = Debug;
		};
		78F46FF82518D39E0008637C /* Release */ = {
			isa = XCBuildConfiguration;
			baseConfigurationReference = D7B5ADE79A4AC9CC6A577DCC /* Pods-COVStats.release.xcconfig */;
			buildSettings = {
				ASSETCATALOG_COMPILER_APPICON_NAME = AppIcon;
				CODE_SIGN_STYLE = Automatic;
				DEVELOPMENT_TEAM = DZ9WU6R332;
				INFOPLIST_FILE = COVStats/Resources/Plists/Info.plist;
				LD_RUNPATH_SEARCH_PATHS = (
					"$(inherited)",
					"@executable_path/Frameworks",
				);
				PRODUCT_BUNDLE_IDENTIFIER = ru.IgorPodolskiy.COVStats;
				PRODUCT_NAME = "$(TARGET_NAME)";
				SWIFT_VERSION = 5.0;
				TARGETED_DEVICE_FAMILY = 1;
			};
			name = Release;
		};
/* End XCBuildConfiguration section */

/* Begin XCConfigurationList section */
		78F46FDD2518D39E0008637C /* Build configuration list for PBXProject "COVStats" */ = {
			isa = XCConfigurationList;
			buildConfigurations = (
				78F46FF42518D39E0008637C /* Debug */,
				78F46FF52518D39E0008637C /* Release */,
			);
			defaultConfigurationIsVisible = 0;
			defaultConfigurationName = Release;
		};
		78F46FF62518D39E0008637C /* Build configuration list for PBXNativeTarget "COVStats" */ = {
			isa = XCConfigurationList;
			buildConfigurations = (
				78F46FF72518D39E0008637C /* Debug */,
				78F46FF82518D39E0008637C /* Release */,
			);
			defaultConfigurationIsVisible = 0;
			defaultConfigurationName = Release;
		};
/* End XCConfigurationList section */
	};
	rootObject = 78F46FDA2518D39E0008637C /* Project object */;
}
