// !$*UTF8*$!
{
	archiveVersion = 1;
	classes = {
	};
	objectVersion = 51;
	objects = {

/* Begin PBXBuildFile section */
		572737333E3E4BAAEA979C00 /* Pods_COVStats.framework in Frameworks */ = {isa = PBXBuildFile; fileRef = 9D2A6164830B54906DFC83E9 /* Pods_COVStats.framework */; };
		78F46FE62518D39E0008637C /* AppDelegate.swift in Sources */ = {isa = PBXBuildFile; fileRef = 78F46FE52518D39E0008637C /* AppDelegate.swift */; };
		78F46FE82518D39E0008637C /* SceneDelegate.swift in Sources */ = {isa = PBXBuildFile; fileRef = 78F46FE72518D39E0008637C /* SceneDelegate.swift */; };
		78F46FEF2518D39E0008637C /* Assets.xcassets in Resources */ = {isa = PBXBuildFile; fileRef = 78F46FEE2518D39E0008637C /* Assets.xcassets */; };
		78F46FF22518D39E0008637C /* LaunchScreen.storyboard in Resources */ = {isa = PBXBuildFile; fileRef = 78F46FF02518D39E0008637C /* LaunchScreen.storyboard */; };
		78F46FFB2518E0170008637C /* HomeViewController.swift in Sources */ = {isa = PBXBuildFile; fileRef = 78F46FFA2518E0170008637C /* HomeViewController.swift */; };
		78F46FFD2518E19E0008637C /* HomePresenter.swift in Sources */ = {isa = PBXBuildFile; fileRef = 78F46FFC2518E19E0008637C /* HomePresenter.swift */; };
		78F46FFF2518E55A0008637C /* HomeInteractor.swift in Sources */ = {isa = PBXBuildFile; fileRef = 78F46FFE2518E55A0008637C /* HomeInteractor.swift */; };
		78F470042518E5BC0008637C /* HomeViewInput.swift in Sources */ = {isa = PBXBuildFile; fileRef = 78F470032518E5BC0008637C /* HomeViewInput.swift */; };
		78F470062518E5D20008637C /* HomeViewOutput.swift in Sources */ = {isa = PBXBuildFile; fileRef = 78F470052518E5D20008637C /* HomeViewOutput.swift */; };
		78F470082518E6120008637C /* HomeInteractorInput.swift in Sources */ = {isa = PBXBuildFile; fileRef = 78F470072518E6120008637C /* HomeInteractorInput.swift */; };
		78F4700A2518E61C0008637C /* HomeInteractorOutput.swift in Sources */ = {isa = PBXBuildFile; fileRef = 78F470092518E61C0008637C /* HomeInteractorOutput.swift */; };
		78F4700C2518E7F00008637C /* HomeRouter.swift in Sources */ = {isa = PBXBuildFile; fileRef = 78F4700B2518E7F00008637C /* HomeRouter.swift */; };
		78F470102518E8090008637C /* HomeRouterInput.swift in Sources */ = {isa = PBXBuildFile; fileRef = 78F4700F2518E8090008637C /* HomeRouterInput.swift */; };
		78F470132518E8E70008637C /* HomeConfigurator.swift in Sources */ = {isa = PBXBuildFile; fileRef = 78F470122518E8E70008637C /* HomeConfigurator.swift */; };
		78F470152518E9F20008637C /* HomeConfiguratorProtocol.swift in Sources */ = {isa = PBXBuildFile; fileRef = 78F470142518E9F20008637C /* HomeConfiguratorProtocol.swift */; };
		78F470182519092D0008637C /* GlobalSummaryCovidCases.swift in Sources */ = {isa = PBXBuildFile; fileRef = 78F470172519092D0008637C /* GlobalSummaryCovidCases.swift */; };
		78F4701B25190DEE0008637C /* NetworkService.swift in Sources */ = {isa = PBXBuildFile; fileRef = 78F4701A25190DEE0008637C /* NetworkService.swift */; };
/* End PBXBuildFile section */

/* Begin PBXFileReference section */
		78F46FE22518D39E0008637C /* COVStats.app */ = {isa = PBXFileReference; explicitFileType = wrapper.application; includeInIndex = 0; path = COVStats.app; sourceTree = BUILT_PRODUCTS_DIR; };
		78F46FE52518D39E0008637C /* AppDelegate.swift */ = {isa = PBXFileReference; lastKnownFileType = sourcecode.swift; path = AppDelegate.swift; sourceTree = "<group>"; };
		78F46FE72518D39E0008637C /* SceneDelegate.swift */ = {isa = PBXFileReference; lastKnownFileType = sourcecode.swift; path = SceneDelegate.swift; sourceTree = "<group>"; };
		78F46FEE2518D39E0008637C /* Assets.xcassets */ = {isa = PBXFileReference; lastKnownFileType = folder.assetcatalog; path = Assets.xcassets; sourceTree = "<group>"; };
		78F46FF12518D39E0008637C /* Base */ = {isa = PBXFileReference; lastKnownFileType = file.storyboard; name = Base; path = Base.lproj/LaunchScreen.storyboard; sourceTree = "<group>"; };
		78F46FF32518D39E0008637C /* Info.plist */ = {isa = PBXFileReference; lastKnownFileType = text.plist.xml; path = Info.plist; sourceTree = "<group>"; };
		78F46FFA2518E0170008637C /* HomeViewController.swift */ = {isa = PBXFileReference; lastKnownFileType = sourcecode.swift; path = HomeViewController.swift; sourceTree = "<group>"; };
		78F46FFC2518E19E0008637C /* HomePresenter.swift */ = {isa = PBXFileReference; lastKnownFileType = sourcecode.swift; path = HomePresenter.swift; sourceTree = "<group>"; };
		78F46FFE2518E55A0008637C /* HomeInteractor.swift */ = {isa = PBXFileReference; lastKnownFileType = sourcecode.swift; path = HomeInteractor.swift; sourceTree = "<group>"; };
		78F470032518E5BC0008637C /* HomeViewInput.swift */ = {isa = PBXFileReference; lastKnownFileType = sourcecode.swift; path = HomeViewInput.swift; sourceTree = "<group>"; };
		78F470052518E5D20008637C /* HomeViewOutput.swift */ = {isa = PBXFileReference; lastKnownFileType = sourcecode.swift; path = HomeViewOutput.swift; sourceTree = "<group>"; };
		78F470072518E6120008637C /* HomeInteractorInput.swift */ = {isa = PBXFileReference; lastKnownFileType = sourcecode.swift; path = HomeInteractorInput.swift; sourceTree = "<group>"; };
		78F470092518E61C0008637C /* HomeInteractorOutput.swift */ = {isa = PBXFileReference; lastKnownFileType = sourcecode.swift; path = HomeInteractorOutput.swift; sourceTree = "<group>"; };
		78F4700B2518E7F00008637C /* HomeRouter.swift */ = {isa = PBXFileReference; lastKnownFileType = sourcecode.swift; path = HomeRouter.swift; sourceTree = "<group>"; };
		78F4700F2518E8090008637C /* HomeRouterInput.swift */ = {isa = PBXFileReference; lastKnownFileType = sourcecode.swift; path = HomeRouterInput.swift; sourceTree = "<group>"; };
		78F470122518E8E70008637C /* HomeConfigurator.swift */ = {isa = PBXFileReference; lastKnownFileType = sourcecode.swift; path = HomeConfigurator.swift; sourceTree = "<group>"; };
		78F470142518E9F20008637C /* HomeConfiguratorProtocol.swift */ = {isa = PBXFileReference; lastKnownFileType = sourcecode.swift; path = HomeConfiguratorProtocol.swift; sourceTree = "<group>"; };
		78F470172519092D0008637C /* GlobalSummaryCovidCases.swift */ = {isa = PBXFileReference; lastKnownFileType = sourcecode.swift; path = GlobalSummaryCovidCases.swift; sourceTree = "<group>"; };
		78F4701A25190DEE0008637C /* NetworkService.swift */ = {isa = PBXFileReference; fileEncoding = 4; lastKnownFileType = sourcecode.swift; path = NetworkService.swift; sourceTree = "<group>"; };
		9D2A6164830B54906DFC83E9 /* Pods_COVStats.framework */ = {isa = PBXFileReference; explicitFileType = wrapper.framework; includeInIndex = 0; path = Pods_COVStats.framework; sourceTree = BUILT_PRODUCTS_DIR; };
		D7B5ADE79A4AC9CC6A577DCC /* Pods-COVStats.release.xcconfig */ = {isa = PBXFileReference; includeInIndex = 1; lastKnownFileType = text.xcconfig; name = "Pods-COVStats.release.xcconfig"; path = "Target Support Files/Pods-COVStats/Pods-COVStats.release.xcconfig"; sourceTree = "<group>"; };
		E6743936026E95E4B1F99C13 /* Pods-COVStats.debug.xcconfig */ = {isa = PBXFileReference; includeInIndex = 1; lastKnownFileType = text.xcconfig; name = "Pods-COVStats.debug.xcconfig"; path = "Target Support Files/Pods-COVStats/Pods-COVStats.debug.xcconfig"; sourceTree = "<group>"; };
/* End PBXFileReference section */

/* Begin PBXFrameworksBuildPhase section */
		78F46FDF2518D39E0008637C /* Frameworks */ = {
			isa = PBXFrameworksBuildPhase;
			buildActionMask = 2147483647;
			files = (
				572737333E3E4BAAEA979C00 /* Pods_COVStats.framework in Frameworks */,
			);
			runOnlyForDeploymentPostprocessing = 0;
		};
/* End PBXFrameworksBuildPhase section */

/* Begin PBXGroup section */
		78F46FD92518D39E0008637C = {
			isa = PBXGroup;
			children = (
				78F46FE42518D39E0008637C /* COVStats */,
				78F46FE32518D39E0008637C /* Products */,
				C9146D60D5D654EC9A90E9C9 /* Pods */,
				8D3AADFD1BE88DB0C0EF5A3B /* Frameworks */,
			);
			sourceTree = "<group>";
		};
		78F46FE32518D39E0008637C /* Products */ = {
			isa = PBXGroup;
			children = (
				78F46FE22518D39E0008637C /* COVStats.app */,
			);
			name = Products;
			sourceTree = "<group>";
		};
		78F46FE42518D39E0008637C /* COVStats */ = {
			isa = PBXGroup;
			children = (
				78F4701925190DB50008637C /* Services */,
				78F47016251901A80008637C /* Model */,
				78F46FF92518D8350008637C /* Home */,
				78F46FE52518D39E0008637C /* AppDelegate.swift */,
				78F46FE72518D39E0008637C /* SceneDelegate.swift */,
				78F46FEE2518D39E0008637C /* Assets.xcassets */,
				78F46FF02518D39E0008637C /* LaunchScreen.storyboard */,
				78F46FF32518D39E0008637C /* Info.plist */,
			);
			path = COVStats;
			sourceTree = "<group>";
		};
		78F46FF92518D8350008637C /* Home */ = {
			isa = PBXGroup;
			children = (
				78F470002518E5830008637C /* View */,
				78F470012518E58B0008637C /* Presenter */,
				78F470022518E5940008637C /* Interactor */,
				78F4700D2518E7F30008637C /* Router */,
				78F470112518E8A60008637C /* Configurator */,
			);
			path = Home;
			sourceTree = "<group>";
		};
		78F470002518E5830008637C /* View */ = {
			isa = PBXGroup;
			children = (
				78F46FFA2518E0170008637C /* HomeViewController.swift */,
				78F470032518E5BC0008637C /* HomeViewInput.swift */,
				78F470052518E5D20008637C /* HomeViewOutput.swift */,
			);
			path = View;
			sourceTree = "<group>";
		};
		78F470012518E58B0008637C /* Presenter */ = {
			isa = PBXGroup;
			children = (
				78F46FFC2518E19E0008637C /* HomePresenter.swift */,
			);
			path = Presenter;
			sourceTree = "<group>";
		};
		78F470022518E5940008637C /* Interactor */ = {
			isa = PBXGroup;
			children = (
				78F46FFE2518E55A0008637C /* HomeInteractor.swift */,
				78F470092518E61C0008637C /* HomeInteractorOutput.swift */,
				78F470072518E6120008637C /* HomeInteractorInput.swift */,
			);
			path = Interactor;
			sourceTree = "<group>";
		};
		78F4700D2518E7F30008637C /* Router */ = {
			isa = PBXGroup;
			children = (
				78F4700B2518E7F00008637C /* HomeRouter.swift */,
				78F4700F2518E8090008637C /* HomeRouterInput.swift */,
			);
			path = Router;
			sourceTree = "<group>";
		};
		78F470112518E8A60008637C /* Configurator */ = {
			isa = PBXGroup;
			children = (
				78F470122518E8E70008637C /* HomeConfigurator.swift */,
				78F470142518E9F20008637C /* HomeConfiguratorProtocol.swift */,
			);
			path = Configurator;
			sourceTree = "<group>";
		};
		78F47016251901A80008637C /* Model */ = {
			isa = PBXGroup;
			children = (
				78F470172519092D0008637C /* GlobalSummaryCovidCases.swift */,
			);
			path = Model;
			sourceTree = "<group>";
		};
		78F4701925190DB50008637C /* Services */ = {
			isa = PBXGroup;
			children = (
				78F4701A25190DEE0008637C /* NetworkService.swift */,
			);
			path = Services;
			sourceTree = "<group>";
		};
		8D3AADFD1BE88DB0C0EF5A3B /* Frameworks */ = {
			isa = PBXGroup;
			children = (
				9D2A6164830B54906DFC83E9 /* Pods_COVStats.framework */,
			);
			name = Frameworks;
			sourceTree = "<group>";
		};
		C9146D60D5D654EC9A90E9C9 /* Pods */ = {
			isa = PBXGroup;
			children = (
				E6743936026E95E4B1F99C13 /* Pods-COVStats.debug.xcconfig */,
				D7B5ADE79A4AC9CC6A577DCC /* Pods-COVStats.release.xcconfig */,
			);
			path = Pods;
			sourceTree = "<group>";
		};
/* End PBXGroup section */

/* Begin PBXNativeTarget section */
		78F46FE12518D39E0008637C /* COVStats */ = {
			isa = PBXNativeTarget;
			buildConfigurationList = 78F46FF62518D39E0008637C /* Build configuration list for PBXNativeTarget "COVStats" */;
			buildPhases = (
				BA76368F4811F2C8652CD830 /* [CP] Check Pods Manifest.lock */,
				78F46FDE2518D39E0008637C /* Sources */,
				78F46FDF2518D39E0008637C /* Frameworks */,
				78F46FE02518D39E0008637C /* Resources */,
				00EBCD76DBE7FF4F7FF8F08E /* [CP] Embed Pods Frameworks */,
			);
			buildRules = (
			);
			dependencies = (
			);
			name = COVStats;
			productName = COVStats;
			productReference = 78F46FE22518D39E0008637C /* COVStats.app */;
			productType = "com.apple.product-type.application";
		};
/* End PBXNativeTarget section */

/* Begin PBXProject section */
		78F46FDA2518D39E0008637C /* Project object */ = {
			isa = PBXProject;
			attributes = {
				LastSwiftUpdateCheck = 1170;
				LastUpgradeCheck = 1170;
				ORGANIZATIONNAME = "Igor Podolskiy";
				TargetAttributes = {
					78F46FE12518D39E0008637C = {
						CreatedOnToolsVersion = 11.7;
					};
				};
			};
			buildConfigurationList = 78F46FDD2518D39E0008637C /* Build configuration list for PBXProject "COVStats" */;
			compatibilityVersion = "Xcode 9.3";
			developmentRegion = en;
			hasScannedForEncodings = 0;
			knownRegions = (
				en,
				Base,
			);
			mainGroup = 78F46FD92518D39E0008637C;
			productRefGroup = 78F46FE32518D39E0008637C /* Products */;
			projectDirPath = "";
			projectRoot = "";
			targets = (
				78F46FE12518D39E0008637C /* COVStats */,
			);
		};
/* End PBXProject section */

/* Begin PBXResourcesBuildPhase section */
		78F46FE02518D39E0008637C /* Resources */ = {
			isa = PBXResourcesBuildPhase;
			buildActionMask = 2147483647;
			files = (
				78F46FF22518D39E0008637C /* LaunchScreen.storyboard in Resources */,
				78F46FEF2518D39E0008637C /* Assets.xcassets in Resources */,
			);
			runOnlyForDeploymentPostprocessing = 0;
		};
/* End PBXResourcesBuildPhase section */

/* Begin PBXShellScriptBuildPhase section */
		00EBCD76DBE7FF4F7FF8F08E /* [CP] Embed Pods Frameworks */ = {
			isa = PBXShellScriptBuildPhase;
			buildActionMask = 2147483647;
			files = (
			);
			inputFileListPaths = (
				"${PODS_ROOT}/Target Support Files/Pods-COVStats/Pods-COVStats-frameworks-${CONFIGURATION}-input-files.xcfilelist",
			);
			name = "[CP] Embed Pods Frameworks";
			outputFileListPaths = (
				"${PODS_ROOT}/Target Support Files/Pods-COVStats/Pods-COVStats-frameworks-${CONFIGURATION}-output-files.xcfilelist",
			);
			runOnlyForDeploymentPostprocessing = 0;
			shellPath = /bin/sh;
			shellScript = "\"${PODS_ROOT}/Target Support Files/Pods-COVStats/Pods-COVStats-frameworks.sh\"\n";
			showEnvVarsInLog = 0;
		};
		BA76368F4811F2C8652CD830 /* [CP] Check Pods Manifest.lock */ = {
			isa = PBXShellScriptBuildPhase;
			buildActionMask = 2147483647;
			files = (
			);
			inputFileListPaths = (
			);
			inputPaths = (
				"${PODS_PODFILE_DIR_PATH}/Podfile.lock",
				"${PODS_ROOT}/Manifest.lock",
			);
			name = "[CP] Check Pods Manifest.lock";
			outputFileListPaths = (
			);
			outputPaths = (
				"$(DERIVED_FILE_DIR)/Pods-COVStats-checkManifestLockResult.txt",
			);
			runOnlyForDeploymentPostprocessing = 0;
			shellPath = /bin/sh;
			shellScript = "diff \"${PODS_PODFILE_DIR_PATH}/Podfile.lock\" \"${PODS_ROOT}/Manifest.lock\" > /dev/null\nif [ $? != 0 ] ; then\n    # print error to STDERR\n    echo \"error: The sandbox is not in sync with the Podfile.lock. Run 'pod install' or update your CocoaPods installation.\" >&2\n    exit 1\nfi\n# This output is used by Xcode 'outputs' to avoid re-running this script phase.\necho \"SUCCESS\" > \"${SCRIPT_OUTPUT_FILE_0}\"\n";
			showEnvVarsInLog = 0;
		};
/* End PBXShellScriptBuildPhase section */

/* Begin PBXSourcesBuildPhase section */
		78F46FDE2518D39E0008637C /* Sources */ = {
			isa = PBXSourcesBuildPhase;
			buildActionMask = 2147483647;
			files = (
				78F470082518E6120008637C /* HomeInteractorInput.swift in Sources */,
				78F470152518E9F20008637C /* HomeConfiguratorProtocol.swift in Sources */,
				78F46FE62518D39E0008637C /* AppDelegate.swift in Sources */,
				78F46FFB2518E0170008637C /* HomeViewController.swift in Sources */,
				78F470042518E5BC0008637C /* HomeViewInput.swift in Sources */,
				78F46FE82518D39E0008637C /* SceneDelegate.swift in Sources */,
				78F4700A2518E61C0008637C /* HomeInteractorOutput.swift in Sources */,
				78F46FFF2518E55A0008637C /* HomeInteractor.swift in Sources */,
				78F46FFD2518E19E0008637C /* HomePresenter.swift in Sources */,
				78F470182519092D0008637C /* GlobalSummaryCovidCases.swift in Sources */,
				78F4701B25190DEE0008637C /* NetworkService.swift in Sources */,
				78F470062518E5D20008637C /* HomeViewOutput.swift in Sources */,
				78F470132518E8E70008637C /* HomeConfigurator.swift in Sources */,
				78F470102518E8090008637C /* HomeRouterInput.swift in Sources */,
				78F4700C2518E7F00008637C /* HomeRouter.swift in Sources */,
			);
			runOnlyForDeploymentPostprocessing = 0;
		};
/* End PBXSourcesBuildPhase section */

/* Begin PBXVariantGroup section */
		78F46FF02518D39E0008637C /* LaunchScreen.storyboard */ = {
			isa = PBXVariantGroup;
			children = (
				78F46FF12518D39E0008637C /* Base */,
			);
			name = LaunchScreen.storyboard;
			sourceTree = "<group>";
		};
/* End PBXVariantGroup section */

/* Begin XCBuildConfiguration section */
		78F46FF42518D39E0008637C /* Debug */ = {
			isa = XCBuildConfiguration;
			buildSettings = {
				ALWAYS_SEARCH_USER_PATHS = NO;
				CLANG_ANALYZER_NONNULL = YES;
				CLANG_ANALYZER_NUMBER_OBJECT_CONVERSION = YES_AGGRESSIVE;
				CLANG_CXX_LANGUAGE_STANDARD = "gnu++14";
				CLANG_CXX_LIBRARY = "libc++";
				CLANG_ENABLE_MODULES = YES;
				CLANG_ENABLE_OBJC_ARC = YES;
				CLANG_ENABLE_OBJC_WEAK = YES;
				CLANG_WARN_BLOCK_CAPTURE_AUTORELEASING = YES;
				CLANG_WARN_BOOL_CONVERSION = YES;
				CLANG_WARN_COMMA = YES;
				CLANG_WARN_CONSTANT_CONVERSION = YES;
				CLANG_WARN_DEPRECATED_OBJC_IMPLEMENTATIONS = YES;
				CLANG_WARN_DIRECT_OBJC_ISA_USAGE = YES_ERROR;
				CLANG_WARN_DOCUMENTATION_COMMENTS = YES;
				CLANG_WARN_EMPTY_BODY = YES;
				CLANG_WARN_ENUM_CONVERSION = YES;
				CLANG_WARN_INFINITE_RECURSION = YES;
				CLANG_WARN_INT_CONVERSION = YES;
				CLANG_WARN_NON_LITERAL_NULL_CONVERSION = YES;
				CLANG_WARN_OBJC_IMPLICIT_RETAIN_SELF = YES;
				CLANG_WARN_OBJC_LITERAL_CONVERSION = YES;
				CLANG_WARN_OBJC_ROOT_CLASS = YES_ERROR;
				CLANG_WARN_RANGE_LOOP_ANALYSIS = YES;
				CLANG_WARN_STRICT_PROTOTYPES = YES;
				CLANG_WARN_SUSPICIOUS_MOVE = YES;
				CLANG_WARN_UNGUARDED_AVAILABILITY = YES_AGGRESSIVE;
				CLANG_WARN_UNREACHABLE_CODE = YES;
				CLANG_WARN__DUPLICATE_METHOD_MATCH = YES;
				COPY_PHASE_STRIP = NO;
				DEBUG_INFORMATION_FORMAT = dwarf;
				ENABLE_STRICT_OBJC_MSGSEND = YES;
				ENABLE_TESTABILITY = YES;
				GCC_C_LANGUAGE_STANDARD = gnu11;
				GCC_DYNAMIC_NO_PIC = NO;
				GCC_NO_COMMON_BLOCKS = YES;
				GCC_OPTIMIZATION_LEVEL = 0;
				GCC_PREPROCESSOR_DEFINITIONS = (
					"DEBUG=1",
					"$(inherited)",
				);
				GCC_WARN_64_TO_32_BIT_CONVERSION = YES;
				GCC_WARN_ABOUT_RETURN_TYPE = YES_ERROR;
				GCC_WARN_UNDECLARED_SELECTOR = YES;
				GCC_WARN_UNINITIALIZED_AUTOS = YES_AGGRESSIVE;
				GCC_WARN_UNUSED_FUNCTION = YES;
				GCC_WARN_UNUSED_VARIABLE = YES;
				IPHONEOS_DEPLOYMENT_TARGET = 13.7;
				MTL_ENABLE_DEBUG_INFO = INCLUDE_SOURCE;
				MTL_FAST_MATH = YES;
				ONLY_ACTIVE_ARCH = YES;
				SDKROOT = iphoneos;
				SWIFT_ACTIVE_COMPILATION_CONDITIONS = DEBUG;
				SWIFT_OPTIMIZATION_LEVEL = "-Onone";
			};
			name = Debug;
		};
		78F46FF52518D39E0008637C /* Release */ = {
			isa = XCBuildConfiguration;
			buildSettings = {
				ALWAYS_SEARCH_USER_PATHS = NO;
				CLANG_ANALYZER_NONNULL = YES;
				CLANG_ANALYZER_NUMBER_OBJECT_CONVERSION = YES_AGGRESSIVE;
				CLANG_CXX_LANGUAGE_STANDARD = "gnu++14";
				CLANG_CXX_LIBRARY = "libc++";
				CLANG_ENABLE_MODULES = YES;
				CLANG_ENABLE_OBJC_ARC = YES;
				CLANG_ENABLE_OBJC_WEAK = YES;
				CLANG_WARN_BLOCK_CAPTURE_AUTORELEASING = YES;
				CLANG_WARN_BOOL_CONVERSION = YES;
				CLANG_WARN_COMMA = YES;
				CLANG_WARN_CONSTANT_CONVERSION = YES;
				CLANG_WARN_DEPRECATED_OBJC_IMPLEMENTATIONS = YES;
				CLANG_WARN_DIRECT_OBJC_ISA_USAGE = YES_ERROR;
				CLANG_WARN_DOCUMENTATION_COMMENTS = YES;
				CLANG_WARN_EMPTY_BODY = YES;
				CLANG_WARN_ENUM_CONVERSION = YES;
				CLANG_WARN_INFINITE_RECURSION = YES;
				CLANG_WARN_INT_CONVERSION = YES;
				CLANG_WARN_NON_LITERAL_NULL_CONVERSION = YES;
				CLANG_WARN_OBJC_IMPLICIT_RETAIN_SELF = YES;
				CLANG_WARN_OBJC_LITERAL_CONVERSION = YES;
				CLANG_WARN_OBJC_ROOT_CLASS = YES_ERROR;
				CLANG_WARN_RANGE_LOOP_ANALYSIS = YES;
				CLANG_WARN_STRICT_PROTOTYPES = YES;
				CLANG_WARN_SUSPICIOUS_MOVE = YES;
				CLANG_WARN_UNGUARDED_AVAILABILITY = YES_AGGRESSIVE;
				CLANG_WARN_UNREACHABLE_CODE = YES;
				CLANG_WARN__DUPLICATE_METHOD_MATCH = YES;
				COPY_PHASE_STRIP = NO;
				DEBUG_INFORMATION_FORMAT = "dwarf-with-dsym";
				ENABLE_NS_ASSERTIONS = NO;
				ENABLE_STRICT_OBJC_MSGSEND = YES;
				GCC_C_LANGUAGE_STANDARD = gnu11;
				GCC_NO_COMMON_BLOCKS = YES;
				GCC_WARN_64_TO_32_BIT_CONVERSION = YES;
				GCC_WARN_ABOUT_RETURN_TYPE = YES_ERROR;
				GCC_WARN_UNDECLARED_SELECTOR = YES;
				GCC_WARN_UNINITIALIZED_AUTOS = YES_AGGRESSIVE;
				GCC_WARN_UNUSED_FUNCTION = YES;
				GCC_WARN_UNUSED_VARIABLE = YES;
				IPHONEOS_DEPLOYMENT_TARGET = 13.7;
				MTL_ENABLE_DEBUG_INFO = NO;
				MTL_FAST_MATH = YES;
				SDKROOT = iphoneos;
				SWIFT_COMPILATION_MODE = wholemodule;
				SWIFT_OPTIMIZATION_LEVEL = "-O";
				VALIDATE_PRODUCT = YES;
			};
			name = Release;
		};
		78F46FF72518D39E0008637C /* Debug */ = {
			isa = XCBuildConfiguration;
			baseConfigurationReference = E6743936026E95E4B1F99C13 /* Pods-COVStats.debug.xcconfig */;
			buildSettings = {
				ASSETCATALOG_COMPILER_APPICON_NAME = AppIcon;
				CODE_SIGN_STYLE = Automatic;
				DEVELOPMENT_TEAM = DZ9WU6R332;
				INFOPLIST_FILE = COVStats/Info.plist;
				LD_RUNPATH_SEARCH_PATHS = (
					"$(inherited)",
					"@executable_path/Frameworks",
				);
				PRODUCT_BUNDLE_IDENTIFIER = ru.IgorPodolskiy.COVStats;
				PRODUCT_NAME = "$(TARGET_NAME)";
				SWIFT_VERSION = 5.0;
				TARGETED_DEVICE_FAMILY = 1;
			};
			name = Debug;
		};
		78F46FF82518D39E0008637C /* Release */ = {
			isa = XCBuildConfiguration;
			baseConfigurationReference = D7B5ADE79A4AC9CC6A577DCC /* Pods-COVStats.release.xcconfig */;
			buildSettings = {
				ASSETCATALOG_COMPILER_APPICON_NAME = AppIcon;
				CODE_SIGN_STYLE = Automatic;
				DEVELOPMENT_TEAM = DZ9WU6R332;
				INFOPLIST_FILE = COVStats/Info.plist;
				LD_RUNPATH_SEARCH_PATHS = (
					"$(inherited)",
					"@executable_path/Frameworks",
				);
				PRODUCT_BUNDLE_IDENTIFIER = ru.IgorPodolskiy.COVStats;
				PRODUCT_NAME = "$(TARGET_NAME)";
				SWIFT_VERSION = 5.0;
				TARGETED_DEVICE_FAMILY = 1;
			};
			name = Release;
		};
/* End XCBuildConfiguration section */

/* Begin XCConfigurationList section */
		78F46FDD2518D39E0008637C /* Build configuration list for PBXProject "COVStats" */ = {
			isa = XCConfigurationList;
			buildConfigurations = (
				78F46FF42518D39E0008637C /* Debug */,
				78F46FF52518D39E0008637C /* Release */,
			);
			defaultConfigurationIsVisible = 0;
			defaultConfigurationName = Release;
		};
		78F46FF62518D39E0008637C /* Build configuration list for PBXNativeTarget "COVStats" */ = {
			isa = XCConfigurationList;
			buildConfigurations = (
				78F46FF72518D39E0008637C /* Debug */,
				78F46FF82518D39E0008637C /* Release */,
			);
			defaultConfigurationIsVisible = 0;
			defaultConfigurationName = Release;
		};
/* End XCConfigurationList section */
	};
	rootObject = 78F46FDA2518D39E0008637C /* Project object */;
}
